{
  "originHash" : "80a9a55e2fcd0392acb7afcb5135245176bfbe1634e0a64d8f4aa959c510aa7f",
  "pins" : [
    {
      "identity" : "nuke",
      "kind" : "remoteSourceControl",
      "location" : "https://github.com/kean/Nuke.git",
      "state" : {
        "revision" : "2efd206503e99dd3a88a4dc433a76f98ce8cc198",
        "version" : "12.7.1"
      }
    },
    {
      "identity" : "swiftkfd",
      "kind" : "remoteSourceControl",
      "location" : "https://github.com/Lrdsnow/SwiftKFD",
      "state" : {
        "branch" : "main",
        "revision" : "9d9e79c04dc1fc1a312827a38bcff0b37c14c3cd"
      }
    },
    {
      "identity" : "zip",
      "kind" : "remoteSourceControl",
      "location" : "https://github.com/marmelroy/Zip.git",
      "state" : {
        "revision" : "67fa55813b9e7b3b9acee9c0ae501def28746d76",
        "version" : "2.1.2"
      }
    }
  ],
  "version" : 3
}
