// !$*UTF8*$!
{
	archiveVersion = 1;
	classes = {
	};
	objectVersion = 56;
	objects = {

/* Begin PBXBuildFile section */
		0116639E2B2B0BFB00E8725D /* mount_check.m in Sources */ = {isa = PBXBuildFile; fileRef = 0116639D2B2B0BFB00E8725D /* mount_check.m */; };
		019D57042B280E0F007F2D00 /* RootHelperMain.swift in Sources */ = {isa = PBXBuildFile; fileRef = 019D57032B280E0F007F2D00 /* RootHelperMain.swift */; };
		019D57062B280EAA007F2D00 /* spawnRoot.swift in Sources */ = {isa = PBXBuildFile; fileRef = 019D57052B280EAA007F2D00 /* spawnRoot.swift */; };
		650AEEC52AC0226600B9F470 /* TweakCreator.swift in Sources */ = {isa = PBXBuildFile; fileRef = 650AEEC42AC0226600B9F470 /* TweakCreator.swift */; };
		650AEEC72AC0231300B9F470 /* Developer.swift in Sources */ = {isa = PBXBuildFile; fileRef = 650AEEC62AC0231300B9F470 /* Developer.swift */; };
		650E27562B38041B00C32088 /* prefTranslate.swift in Sources */ = {isa = PBXBuildFile; fileRef = 650E27532B38041B00C32088 /* prefTranslate.swift */; };
		650E27572B38041B00C32088 /* prefCreator.swift in Sources */ = {isa = PBXBuildFile; fileRef = 650E27542B38041B00C32088 /* prefCreator.swift */; };
		650E27582B38041B00C32088 /* purePrefs.swift in Sources */ = {isa = PBXBuildFile; fileRef = 650E27552B38041B00C32088 /* purePrefs.swift */; };
		650E82162AF7014500985508 /* LeminsColors.swift in Sources */ = {isa = PBXBuildFile; fileRef = 650E82152AF7014500985508 /* LeminsColors.swift */; };
		650E82182AF7017200985508 /* ViewModifiers.swift in Sources */ = {isa = PBXBuildFile; fileRef = 650E82172AF7017200985508 /* ViewModifiers.swift */; };
		650E821A2AF7018D00985508 /* ColorHandling.swift in Sources */ = {isa = PBXBuildFile; fileRef = 650E82192AF7018C00985508 /* ColorHandling.swift */; };
		650E821C2AF701DE00985508 /* Alert++.swift in Sources */ = {isa = PBXBuildFile; fileRef = 650E821B2AF701DE00985508 /* Alert++.swift */; };
		650E821E2AF701F600985508 /* Others.swift in Sources */ = {isa = PBXBuildFile; fileRef = 650E821D2AF701F600985508 /* Others.swift */; };
		651895912B302BF400B4C118 /* Setup.swift in Sources */ = {isa = PBXBuildFile; fileRef = 651895902B302BF400B4C118 /* Setup.swift */; };
		651FFEC42AAE2E81005D6223 /* TextFieldAlert in Frameworks */ = {isa = PBXBuildFile; productRef = 651FFEC32AAE2E81005D6223 /* TextFieldAlert */; };
		651FFEC82AAE7518005D6223 /* Package.swift in Sources */ = {isa = PBXBuildFile; fileRef = 651FFEC72AAE7518005D6223 /* Package.swift */; };
		6528C2AC2B5F533D004FA793 /* SwiftKFD in Frameworks */ = {isa = PBXBuildFile; productRef = 6528C2AB2B5F533D004FA793 /* SwiftKFD */; };
		6528C2B02B5F74F6004FA793 /* SwiftKFD in Frameworks */ = {isa = PBXBuildFile; productRef = 6528C2AF2B5F74F6004FA793 /* SwiftKFD */; };
		654DED032B383CA200DACD2E /* IOKit.framework in Frameworks */ = {isa = PBXBuildFile; fileRef = 654DED022B383CA200DACD2E /* IOKit.framework */; };
		6558AB222B381BAB002DA52B /* waitpid_decode.c in Sources */ = {isa = PBXBuildFile; fileRef = 6558AB1C2B381BAB002DA52B /* waitpid_decode.c */; };
		6558AB232B381BAB002DA52B /* userspaceReboot.c in Sources */ = {isa = PBXBuildFile; fileRef = 6558AB1F2B381BAB002DA52B /* userspaceReboot.c */; };
		6573A46F2B428887008C3F28 /* jit.m in Sources */ = {isa = PBXBuildFile; fileRef = 6573A40A2B428887008C3F28 /* jit.m */; };
		6573A4702B428887008C3F28 /* vm_unaligned_copy_switch_race.c in Sources */ = {isa = PBXBuildFile; fileRef = 6573A40C2B428887008C3F28 /* vm_unaligned_copy_switch_race.c */; };
		6573A4712B428887008C3F28 /* grant_full_disk_access.m in Sources */ = {isa = PBXBuildFile; fileRef = 6573A40D2B428887008C3F28 /* grant_full_disk_access.m */; };
		6573A4722B428887008C3F28 /* helpers.m in Sources */ = {isa = PBXBuildFile; fileRef = 6573A40E2B428887008C3F28 /* helpers.m */; };
		6573A4742B428887008C3F28 /* Wrappers.swift in Sources */ = {isa = PBXBuildFile; fileRef = 6573A4142B428887008C3F28 /* Wrappers.swift */; };
		6573A4752B428887008C3F28 /* MacDirtyCowSwift.swift in Sources */ = {isa = PBXBuildFile; fileRef = 6573A42B2B428887008C3F28 /* MacDirtyCowSwift.swift */; };
		6573A4842B428887008C3F28 /* LightVibrantStandard.json in Resources */ = {isa = PBXBuildFile; fileRef = 6573A44D2B428887008C3F28 /* LightVibrantStandard.json */; };
		6573A4852B428887008C3F28 /* LightStandard.json in Resources */ = {isa = PBXBuildFile; fileRef = 6573A44E2B428887008C3F28 /* LightStandard.json */; };
		6573A4862B428887008C3F28 /* DarkStandard.json in Resources */ = {isa = PBXBuildFile; fileRef = 6573A44F2B428887008C3F28 /* DarkStandard.json */; };
		6573A4872B428887008C3F28 /* DarkIncreasedContrast.json in Resources */ = {isa = PBXBuildFile; fileRef = 6573A4502B428887008C3F28 /* DarkIncreasedContrast.json */; };
		6573A4882B428887008C3F28 /* LightIncreasedContrast.json in Resources */ = {isa = PBXBuildFile; fileRef = 6573A4512B428887008C3F28 /* LightIncreasedContrast.json */; };
		6573A4892B428887008C3F28 /* DarkVibrantStandard.json in Resources */ = {isa = PBXBuildFile; fileRef = 6573A4522B428887008C3F28 /* DarkVibrantStandard.json */; };
		6573A48A2B428887008C3F28 /* replacement.materialrecipe in Resources */ = {isa = PBXBuildFile; fileRef = 6573A4542B428887008C3F28 /* replacement.materialrecipe */; };
		6573A48B2B428887008C3F28 /* platters.materialrecipe in Resources */ = {isa = PBXBuildFile; fileRef = 6573A4572B428887008C3F28 /* platters.materialrecipe */; };
		6573A48C2B428887008C3F28 /* plattersDark.materialrecipe in Resources */ = {isa = PBXBuildFile; fileRef = 6573A4582B428887008C3F28 /* plattersDark.materialrecipe */; };
		6573A48D2B428887008C3F28 /* podBackgroundViewLight.visualstyleset in Resources */ = {isa = PBXBuildFile; fileRef = 6573A45A2B428887008C3F28 /* podBackgroundViewLight.visualstyleset */; };
		6573A48E2B428887008C3F28 /* podBackgroundViewDark.visualstyleset in Resources */ = {isa = PBXBuildFile; fileRef = 6573A45B2B428887008C3F28 /* podBackgroundViewDark.visualstyleset */; };
		6573A48F2B428887008C3F28 /* modules.materialrecipe in Resources */ = {isa = PBXBuildFile; fileRef = 6573A45D2B428887008C3F28 /* modules.materialrecipe */; };
		6573A4902B428887008C3F28 /* modulesBackground.materialrecipe in Resources */ = {isa = PBXBuildFile; fileRef = 6573A45E2B428887008C3F28 /* modulesBackground.materialrecipe */; };
		6573A4912B428887008C3F28 /* folderLight.materialrecipe in Resources */ = {isa = PBXBuildFile; fileRef = 6573A4602B428887008C3F28 /* folderLight.materialrecipe */; };
		6573A4922B428887008C3F28 /* folderDark.materialrecipe in Resources */ = {isa = PBXBuildFile; fileRef = 6573A4612B428887008C3F28 /* folderDark.materialrecipe */; };
		6573A4932B428887008C3F28 /* folderExpandedBackgroundHome.materialrecipe in Resources */ = {isa = PBXBuildFile; fileRef = 6573A4632B428887008C3F28 /* folderExpandedBackgroundHome.materialrecipe */; };
		6573A4942B428887008C3F28 /* homeScreenOverlay-iPad.materialrecipe in Resources */ = {isa = PBXBuildFile; fileRef = 6573A4642B428887008C3F28 /* homeScreenOverlay-iPad.materialrecipe */; };
		6573A4952B428887008C3F28 /* homeScreenOverlay.materialrecipe in Resources */ = {isa = PBXBuildFile; fileRef = 6573A4652B428887008C3F28 /* homeScreenOverlay.materialrecipe */; };
		6573A4962B428887008C3F28 /* homeScreenBackdrop-application.materialrecipe in Resources */ = {isa = PBXBuildFile; fileRef = 6573A4662B428887008C3F28 /* homeScreenBackdrop-application.materialrecipe */; };
		6573A4972B428887008C3F28 /* HomeBarAssets.car in Resources */ = {isa = PBXBuildFile; fileRef = 6573A4672B428887008C3F28 /* HomeBarAssets.car */; };
		6573A4982B428887008C3F28 /* platterVibrantShadowLight.visualstyleset in Resources */ = {isa = PBXBuildFile; fileRef = 6573A4692B428887008C3F28 /* platterVibrantShadowLight.visualstyleset */; };
		6573A4992B428887008C3F28 /* platterVibrantShadowDark.visualstyleset in Resources */ = {isa = PBXBuildFile; fileRef = 6573A46A2B428887008C3F28 /* platterVibrantShadowDark.visualstyleset */; };
		6573A49A2B428887008C3F28 /* dockDark.materialrecipe in Resources */ = {isa = PBXBuildFile; fileRef = 6573A46C2B428887008C3F28 /* dockDark.materialrecipe */; };
		6573A49B2B428887008C3F28 /* dockLight.materialrecipe in Resources */ = {isa = PBXBuildFile; fileRef = 6573A46D2B428887008C3F28 /* dockLight.materialrecipe */; };
		6573A49C2B428887008C3F28 /* lock.caml in Resources */ = {isa = PBXBuildFile; fileRef = 6573A46E2B428887008C3F28 /* lock.caml */; };
		658D6BB22AAED5000023A755 /* Zip in Frameworks */ = {isa = PBXBuildFile; productRef = 658D6BB12AAED5000023A755 /* Zip */; };
		6596B0F72AAAABB90005EED9 /* Main.swift in Sources */ = {isa = PBXBuildFile; fileRef = 6596B0F62AAAABB90005EED9 /* Main.swift */; };
		6596B0F92AAAABBA0005EED9 /* Assets.xcassets in Resources */ = {isa = PBXBuildFile; fileRef = 6596B0F82AAAABBA0005EED9 /* Assets.xcassets */; };
		65A38F182AB13F0C00C23058 /* Tweak.swift in Sources */ = {isa = PBXBuildFile; fileRef = 65A38F172AB13F0C00C23058 /* Tweak.swift */; };
		65AA20CA2B59253700C178A8 /* Kingfisher in Frameworks */ = {isa = PBXBuildFile; productRef = 65AA20C92B59253700C178A8 /* Kingfisher */; };
		65AB44DE2AD28E3B0073BF45 /* TweakConverter.swift in Sources */ = {isa = PBXBuildFile; fileRef = 65AB44DD2AD28E3B0073BF45 /* TweakConverter.swift */; };
		65B475972AACD64800172BD3 /* RepoHandler.swift in Sources */ = {isa = PBXBuildFile; fileRef = 65B475962AACD64800172BD3 /* RepoHandler.swift */; };
		65B475992AACDAD100172BD3 /* RepoData.swift in Sources */ = {isa = PBXBuildFile; fileRef = 65B475982AACDAD100172BD3 /* RepoData.swift */; };
		65B4759E2AAD0A4900172BD3 /* Extensions.swift in Sources */ = {isa = PBXBuildFile; fileRef = 65B4759D2AAD0A4900172BD3 /* Extensions.swift */; };
		65B475A12AAD586500172BD3 /* MarqueeText in Frameworks */ = {isa = PBXBuildFile; productRef = 65B475A02AAD586500172BD3 /* MarqueeText */; };
		65DDC7A22ABAA51700F627FA /* FileBrowser.swift in Sources */ = {isa = PBXBuildFile; fileRef = 65DDC7A12ABAA51700F627FA /* FileBrowser.swift */; };
		65FCEBCB2AAC928200E4DAF8 /* Home.swift in Sources */ = {isa = PBXBuildFile; fileRef = 65FCEBCA2AAC928200E4DAF8 /* Home.swift */; };
		65FCEBCD2AAC928800E4DAF8 /* Search.swift in Sources */ = {isa = PBXBuildFile; fileRef = 65FCEBCC2AAC928800E4DAF8 /* Search.swift */; };
		65FCEBCF2AAC928E00E4DAF8 /* Installed.swift in Sources */ = {isa = PBXBuildFile; fileRef = 65FCEBCE2AAC928E00E4DAF8 /* Installed.swift */; };
		65FCEBD12AAC929700E4DAF8 /* Browse.swift in Sources */ = {isa = PBXBuildFile; fileRef = 65FCEBD02AAC929700E4DAF8 /* Browse.swift */; };
		65FCEBD52AACA85300E4DAF8 /* AppData.swift in Sources */ = {isa = PBXBuildFile; fileRef = 65FCEBD42AACA85300E4DAF8 /* AppData.swift */; };
		65FD0E702AFBFB040069577A /* AppManager.swift in Sources */ = {isa = PBXBuildFile; fileRef = 65FD0E6F2AFBFB040069577A /* AppManager.swift */; };
/* End PBXBuildFile section */

/* Begin PBXFileReference section */
		011663992B2B0B2000E8725D /* apfs_mount.h */ = {isa = PBXFileReference; lastKnownFileType = sourcecode.c.h; path = apfs_mount.h; sourceTree = "<group>"; };
		0116639D2B2B0BFB00E8725D /* mount_check.m */ = {isa = PBXFileReference; lastKnownFileType = sourcecode.c.objc; path = mount_check.m; sourceTree = "<group>"; };
		011663A32B2B177300E8725D /* roothelper_bridge.h */ = {isa = PBXFileReference; lastKnownFileType = sourcecode.c.h; path = roothelper_bridge.h; sourceTree = "<group>"; };
		019D57032B280E0F007F2D00 /* RootHelperMain.swift */ = {isa = PBXFileReference; lastKnownFileType = sourcecode.swift; path = RootHelperMain.swift; sourceTree = "<group>"; };
		019D57052B280EAA007F2D00 /* spawnRoot.swift */ = {isa = PBXFileReference; lastKnownFileType = sourcecode.swift; path = spawnRoot.swift; sourceTree = "<group>"; };
		650AEEC42AC0226600B9F470 /* TweakCreator.swift */ = {isa = PBXFileReference; lastKnownFileType = sourcecode.swift; path = TweakCreator.swift; sourceTree = "<group>"; };
		650AEEC62AC0231300B9F470 /* Developer.swift */ = {isa = PBXFileReference; lastKnownFileType = sourcecode.swift; path = Developer.swift; sourceTree = "<group>"; };
		650E27532B38041B00C32088 /* prefTranslate.swift */ = {isa = PBXFileReference; fileEncoding = 4; lastKnownFileType = sourcecode.swift; path = prefTranslate.swift; sourceTree = "<group>"; };
		650E27542B38041B00C32088 /* prefCreator.swift */ = {isa = PBXFileReference; fileEncoding = 4; lastKnownFileType = sourcecode.swift; path = prefCreator.swift; sourceTree = "<group>"; };
		650E27552B38041B00C32088 /* purePrefs.swift */ = {isa = PBXFileReference; fileEncoding = 4; lastKnownFileType = sourcecode.swift; path = purePrefs.swift; sourceTree = "<group>"; };
		650E82152AF7014500985508 /* LeminsColors.swift */ = {isa = PBXFileReference; lastKnownFileType = sourcecode.swift; path = LeminsColors.swift; sourceTree = "<group>"; };
		650E82172AF7017200985508 /* ViewModifiers.swift */ = {isa = PBXFileReference; lastKnownFileType = sourcecode.swift; path = ViewModifiers.swift; sourceTree = "<group>"; };
		650E82192AF7018C00985508 /* ColorHandling.swift */ = {isa = PBXFileReference; lastKnownFileType = sourcecode.swift; path = ColorHandling.swift; sourceTree = "<group>"; };
		650E821B2AF701DE00985508 /* Alert++.swift */ = {isa = PBXFileReference; lastKnownFileType = sourcecode.swift; path = "Alert++.swift"; sourceTree = "<group>"; };
		650E821D2AF701F600985508 /* Others.swift */ = {isa = PBXFileReference; lastKnownFileType = sourcecode.swift; path = Others.swift; sourceTree = "<group>"; };
		651895902B302BF400B4C118 /* Setup.swift */ = {isa = PBXFileReference; lastKnownFileType = sourcecode.swift; path = Setup.swift; sourceTree = "<group>"; };
		651FFEC72AAE7518005D6223 /* Package.swift */ = {isa = PBXFileReference; lastKnownFileType = sourcecode.swift; path = Package.swift; sourceTree = "<group>"; };
		654DED022B383CA200DACD2E /* IOKit.framework */ = {isa = PBXFileReference; lastKnownFileType = wrapper.framework; name = IOKit.framework; path = Platforms/iPhoneOS.platform/Developer/SDKs/iPhoneOS16.4.sdk/System/Library/Frameworks/IOKit.framework; sourceTree = DEVELOPER_DIR; };
		6558AB1C2B381BAB002DA52B /* waitpid_decode.c */ = {isa = PBXFileReference; fileEncoding = 4; lastKnownFileType = sourcecode.c.c; path = waitpid_decode.c; sourceTree = "<group>"; };
		6558AB1D2B381BAB002DA52B /* waitpid_decode.h */ = {isa = PBXFileReference; fileEncoding = 4; lastKnownFileType = sourcecode.c.h; path = waitpid_decode.h; sourceTree = "<group>"; };
		6558AB1F2B381BAB002DA52B /* userspaceReboot.c */ = {isa = PBXFileReference; fileEncoding = 4; lastKnownFileType = sourcecode.c.c; path = userspaceReboot.c; sourceTree = "<group>"; };
		6558AB212B381BAB002DA52B /* userspaceReboot.h */ = {isa = PBXFileReference; fileEncoding = 4; lastKnownFileType = sourcecode.c.h; path = userspaceReboot.h; sourceTree = "<group>"; };
		6558AB252B381BC1002DA52B /* bridge.h */ = {isa = PBXFileReference; lastKnownFileType = sourcecode.c.h; path = bridge.h; sourceTree = "<group>"; };
		6573A40A2B428887008C3F28 /* jit.m */ = {isa = PBXFileReference; fileEncoding = 4; lastKnownFileType = sourcecode.c.objc; path = jit.m; sourceTree = "<group>"; };
		6573A40C2B428887008C3F28 /* vm_unaligned_copy_switch_race.c */ = {isa = PBXFileReference; fileEncoding = 4; lastKnownFileType = sourcecode.c.c; path = vm_unaligned_copy_switch_race.c; sourceTree = "<group>"; };
		6573A40D2B428887008C3F28 /* grant_full_disk_access.m */ = {isa = PBXFileReference; fileEncoding = 4; lastKnownFileType = sourcecode.c.objc; path = grant_full_disk_access.m; sourceTree = "<group>"; };
		6573A40E2B428887008C3F28 /* helpers.m */ = {isa = PBXFileReference; fileEncoding = 4; lastKnownFileType = sourcecode.c.objc; path = helpers.m; sourceTree = "<group>"; };
		6573A4102B428887008C3F28 /* jit.h */ = {isa = PBXFileReference; fileEncoding = 4; lastKnownFileType = sourcecode.c.h; path = jit.h; sourceTree = "<group>"; };
		6573A4112B428887008C3F28 /* vm_unaligned_copy_switch_race.h */ = {isa = PBXFileReference; fileEncoding = 4; lastKnownFileType = sourcecode.c.h; path = vm_unaligned_copy_switch_race.h; sourceTree = "<group>"; };
		6573A4122B428887008C3F28 /* helpers.h */ = {isa = PBXFileReference; fileEncoding = 4; lastKnownFileType = sourcecode.c.h; path = helpers.h; sourceTree = "<group>"; };
		6573A4132B428887008C3F28 /* grant_full_disk_access.h */ = {isa = PBXFileReference; fileEncoding = 4; lastKnownFileType = sourcecode.c.h; path = grant_full_disk_access.h; sourceTree = "<group>"; };
		6573A4142B428887008C3F28 /* Wrappers.swift */ = {isa = PBXFileReference; fileEncoding = 4; lastKnownFileType = sourcecode.swift; path = Wrappers.swift; sourceTree = "<group>"; };
		6573A42B2B428887008C3F28 /* MacDirtyCowSwift.swift */ = {isa = PBXFileReference; fileEncoding = 4; lastKnownFileType = sourcecode.swift; path = MacDirtyCowSwift.swift; sourceTree = "<group>"; };
		6573A4462B428887008C3F28 /* IconServices.h */ = {isa = PBXFileReference; fileEncoding = 4; lastKnownFileType = sourcecode.c.h; path = IconServices.h; sourceTree = "<group>"; };
		6573A4472B428887008C3F28 /* libpurekfd_bridge.h */ = {isa = PBXFileReference; fileEncoding = 4; lastKnownFileType = sourcecode.c.h; path = libpurekfd_bridge.h; sourceTree = "<group>"; };
		6573A44D2B428887008C3F28 /* LightVibrantStandard.json */ = {isa = PBXFileReference; fileEncoding = 4; lastKnownFileType = text.json; path = LightVibrantStandard.json; sourceTree = "<group>"; };
		6573A44E2B428887008C3F28 /* LightStandard.json */ = {isa = PBXFileReference; fileEncoding = 4; lastKnownFileType = text.json; path = LightStandard.json; sourceTree = "<group>"; };
		6573A44F2B428887008C3F28 /* DarkStandard.json */ = {isa = PBXFileReference; fileEncoding = 4; lastKnownFileType = text.json; path = DarkStandard.json; sourceTree = "<group>"; };
		6573A4502B428887008C3F28 /* DarkIncreasedContrast.json */ = {isa = PBXFileReference; fileEncoding = 4; lastKnownFileType = text.json; path = DarkIncreasedContrast.json; sourceTree = "<group>"; };
		6573A4512B428887008C3F28 /* LightIncreasedContrast.json */ = {isa = PBXFileReference; fileEncoding = 4; lastKnownFileType = text.json; path = LightIncreasedContrast.json; sourceTree = "<group>"; };
		6573A4522B428887008C3F28 /* DarkVibrantStandard.json */ = {isa = PBXFileReference; fileEncoding = 4; lastKnownFileType = text.json; path = DarkVibrantStandard.json; sourceTree = "<group>"; };
		6573A4542B428887008C3F28 /* replacement.materialrecipe */ = {isa = PBXFileReference; lastKnownFileType = file.bplist; path = replacement.materialrecipe; sourceTree = "<group>"; };
		6573A4572B428887008C3F28 /* platters.materialrecipe */ = {isa = PBXFileReference; lastKnownFileType = file.bplist; path = platters.materialrecipe; sourceTree = "<group>"; };
		6573A4582B428887008C3F28 /* plattersDark.materialrecipe */ = {isa = PBXFileReference; lastKnownFileType = file.bplist; path = plattersDark.materialrecipe; sourceTree = "<group>"; };
		6573A45A2B428887008C3F28 /* podBackgroundViewLight.visualstyleset */ = {isa = PBXFileReference; fileEncoding = 4; lastKnownFileType = text.xml; path = podBackgroundViewLight.visualstyleset; sourceTree = "<group>"; };
		6573A45B2B428887008C3F28 /* podBackgroundViewDark.visualstyleset */ = {isa = PBXFileReference; fileEncoding = 4; lastKnownFileType = text.xml; path = podBackgroundViewDark.visualstyleset; sourceTree = "<group>"; };
		6573A45D2B428887008C3F28 /* modules.materialrecipe */ = {isa = PBXFileReference; lastKnownFileType = file.bplist; path = modules.materialrecipe; sourceTree = "<group>"; };
		6573A45E2B428887008C3F28 /* modulesBackground.materialrecipe */ = {isa = PBXFileReference; lastKnownFileType = file.bplist; path = modulesBackground.materialrecipe; sourceTree = "<group>"; };
		6573A4602B428887008C3F28 /* folderLight.materialrecipe */ = {isa = PBXFileReference; lastKnownFileType = file.bplist; path = folderLight.materialrecipe; sourceTree = "<group>"; };
		6573A4612B428887008C3F28 /* folderDark.materialrecipe */ = {isa = PBXFileReference; lastKnownFileType = file.bplist; path = folderDark.materialrecipe; sourceTree = "<group>"; };
		6573A4632B428887008C3F28 /* folderExpandedBackgroundHome.materialrecipe */ = {isa = PBXFileReference; lastKnownFileType = file.bplist; path = folderExpandedBackgroundHome.materialrecipe; sourceTree = "<group>"; };
		6573A4642B428887008C3F28 /* homeScreenOverlay-iPad.materialrecipe */ = {isa = PBXFileReference; fileEncoding = 4; lastKnownFileType = text.xml; path = "homeScreenOverlay-iPad.materialrecipe"; sourceTree = "<group>"; };
		6573A4652B428887008C3F28 /* homeScreenOverlay.materialrecipe */ = {isa = PBXFileReference; fileEncoding = 4; lastKnownFileType = text.xml; path = homeScreenOverlay.materialrecipe; sourceTree = "<group>"; };
		6573A4662B428887008C3F28 /* homeScreenBackdrop-application.materialrecipe */ = {isa = PBXFileReference; lastKnownFileType = file.bplist; path = "homeScreenBackdrop-application.materialrecipe"; sourceTree = "<group>"; };
		6573A4672B428887008C3F28 /* HomeBarAssets.car */ = {isa = PBXFileReference; lastKnownFileType = file; path = HomeBarAssets.car; sourceTree = "<group>"; };
		6573A4692B428887008C3F28 /* platterVibrantShadowLight.visualstyleset */ = {isa = PBXFileReference; lastKnownFileType = file.bplist; path = platterVibrantShadowLight.visualstyleset; sourceTree = "<group>"; };
		6573A46A2B428887008C3F28 /* platterVibrantShadowDark.visualstyleset */ = {isa = PBXFileReference; lastKnownFileType = file.bplist; path = platterVibrantShadowDark.visualstyleset; sourceTree = "<group>"; };
		6573A46C2B428887008C3F28 /* dockDark.materialrecipe */ = {isa = PBXFileReference; lastKnownFileType = file.bplist; path = dockDark.materialrecipe; sourceTree = "<group>"; };
		6573A46D2B428887008C3F28 /* dockLight.materialrecipe */ = {isa = PBXFileReference; lastKnownFileType = file.bplist; path = dockLight.materialrecipe; sourceTree = "<group>"; };
		6573A46E2B428887008C3F28 /* lock.caml */ = {isa = PBXFileReference; fileEncoding = 4; lastKnownFileType = text.xml; path = lock.caml; sourceTree = "<group>"; };
		6596B0F12AAAABB90005EED9 /* PureKFD.app */ = {isa = PBXFileReference; explicitFileType = wrapper.application; includeInIndex = 0; path = PureKFD.app; sourceTree = BUILT_PRODUCTS_DIR; };
		6596B0F62AAAABB90005EED9 /* Main.swift */ = {isa = PBXFileReference; lastKnownFileType = sourcecode.swift; path = Main.swift; sourceTree = "<group>"; };
		6596B0F82AAAABBA0005EED9 /* Assets.xcassets */ = {isa = PBXFileReference; lastKnownFileType = folder.assetcatalog; path = Assets.xcassets; sourceTree = "<group>"; };
		65A38F172AB13F0C00C23058 /* Tweak.swift */ = {isa = PBXFileReference; lastKnownFileType = sourcecode.swift; path = Tweak.swift; sourceTree = "<group>"; };
		65AB44DD2AD28E3B0073BF45 /* TweakConverter.swift */ = {isa = PBXFileReference; explicitFileType = sourcecode.swift; fileEncoding = 4; path = TweakConverter.swift; sourceTree = "<group>"; };
		65B475962AACD64800172BD3 /* RepoHandler.swift */ = {isa = PBXFileReference; lastKnownFileType = sourcecode.swift; path = RepoHandler.swift; sourceTree = "<group>"; };
		65B475982AACDAD100172BD3 /* RepoData.swift */ = {isa = PBXFileReference; lastKnownFileType = sourcecode.swift; path = RepoData.swift; sourceTree = "<group>"; };
		65B4759D2AAD0A4900172BD3 /* Extensions.swift */ = {isa = PBXFileReference; lastKnownFileType = sourcecode.swift; path = Extensions.swift; sourceTree = "<group>"; };
		65DDC7A12ABAA51700F627FA /* FileBrowser.swift */ = {isa = PBXFileReference; lastKnownFileType = sourcecode.swift; path = FileBrowser.swift; sourceTree = "<group>"; };
		65E8B8F32B238A62008C4CEC /* PureKFD.entitlements */ = {isa = PBXFileReference; lastKnownFileType = text.plist.entitlements; path = PureKFD.entitlements; sourceTree = "<group>"; };
		65FCEBCA2AAC928200E4DAF8 /* Home.swift */ = {isa = PBXFileReference; lastKnownFileType = sourcecode.swift; path = Home.swift; sourceTree = "<group>"; };
		65FCEBCC2AAC928800E4DAF8 /* Search.swift */ = {isa = PBXFileReference; lastKnownFileType = sourcecode.swift; path = Search.swift; sourceTree = "<group>"; };
		65FCEBCE2AAC928E00E4DAF8 /* Installed.swift */ = {isa = PBXFileReference; lastKnownFileType = sourcecode.swift; path = Installed.swift; sourceTree = "<group>"; };
		65FCEBD02AAC929700E4DAF8 /* Browse.swift */ = {isa = PBXFileReference; lastKnownFileType = sourcecode.swift; path = Browse.swift; sourceTree = "<group>"; };
		65FCEBD42AACA85300E4DAF8 /* AppData.swift */ = {isa = PBXFileReference; lastKnownFileType = sourcecode.swift; path = AppData.swift; sourceTree = "<group>"; };
		65FD0E6F2AFBFB040069577A /* AppManager.swift */ = {isa = PBXFileReference; lastKnownFileType = sourcecode.swift; path = AppManager.swift; sourceTree = "<group>"; };
/* End PBXFileReference section */

/* Begin PBXFrameworksBuildPhase section */
		6596B0EE2AAAABB90005EED9 /* Frameworks */ = {
			isa = PBXFrameworksBuildPhase;
			buildActionMask = 2147483647;
			files = (
				6528C2AC2B5F533D004FA793 /* SwiftKFD in Frameworks */,
				654DED032B383CA200DACD2E /* IOKit.framework in Frameworks */,
				65B475A12AAD586500172BD3 /* MarqueeText in Frameworks */,
				6528C2B02B5F74F6004FA793 /* SwiftKFD in Frameworks */,
				658D6BB22AAED5000023A755 /* Zip in Frameworks */,
				651FFEC42AAE2E81005D6223 /* TextFieldAlert in Frameworks */,
				65AA20CA2B59253700C178A8 /* Kingfisher in Frameworks */,
			);
			runOnlyForDeploymentPostprocessing = 0;
		};
/* End PBXFrameworksBuildPhase section */

/* Begin PBXGroup section */
		019D57022B280DC9007F2D00 /* RootHelper */ = {
			isa = PBXGroup;
			children = (
				011663A32B2B177300E8725D /* roothelper_bridge.h */,
				011663992B2B0B2000E8725D /* apfs_mount.h */,
				0116639D2B2B0BFB00E8725D /* mount_check.m */,
				019D57032B280E0F007F2D00 /* RootHelperMain.swift */,
			);
			path = RootHelper;
			sourceTree = "<group>";
		};
		650E27522B38041B00C32088 /* Prefs */ = {
			isa = PBXGroup;
			children = (
				650E27532B38041B00C32088 /* prefTranslate.swift */,
				650E27542B38041B00C32088 /* prefCreator.swift */,
				650E27552B38041B00C32088 /* purePrefs.swift */,
			);
			path = Prefs;
			sourceTree = "<group>";
		};
		650E82112AF6FF5000985508 /* Developer */ = {
			isa = PBXGroup;
			children = (
				650AEEC42AC0226600B9F470 /* TweakCreator.swift */,
				65AB44DD2AD28E3B0073BF45 /* TweakConverter.swift */,
				65DDC7A12ABAA51700F627FA /* FileBrowser.swift */,
				65FD0E6F2AFBFB040069577A /* AppManager.swift */,
			);
			path = Developer;
			sourceTree = "<group>";
		};
		650E82122AF6FFB700985508 /* Main */ = {
			isa = PBXGroup;
			children = (
				6558AB1B2B381B6D002DA52B /* CBackend */,
				650E82142AF7012B00985508 /* Extensions */,
				650E82132AF7004D00985508 /* Data */,
				65B475962AACD64800172BD3 /* RepoHandler.swift */,
				65B4759D2AAD0A4900172BD3 /* Extensions.swift */,
				65A38F172AB13F0C00C23058 /* Tweak.swift */,
				019D57052B280EAA007F2D00 /* spawnRoot.swift */,
			);
			path = Main;
			sourceTree = "<group>";
		};
		650E82132AF7004D00985508 /* Data */ = {
			isa = PBXGroup;
			children = (
				65FCEBD42AACA85300E4DAF8 /* AppData.swift */,
				65B475982AACDAD100172BD3 /* RepoData.swift */,
			);
			path = Data;
			sourceTree = "<group>";
		};
		650E82142AF7012B00985508 /* Extensions */ = {
			isa = PBXGroup;
			children = (
				650E82152AF7014500985508 /* LeminsColors.swift */,
				650E82172AF7017200985508 /* ViewModifiers.swift */,
				650E82192AF7018C00985508 /* ColorHandling.swift */,
				650E821B2AF701DE00985508 /* Alert++.swift */,
				650E821D2AF701F600985508 /* Others.swift */,
			);
			path = Extensions;
			sourceTree = "<group>";
		};
		6558AB1B2B381B6D002DA52B /* CBackend */ = {
			isa = PBXGroup;
			children = (
				6558AB1F2B381BAB002DA52B /* userspaceReboot.c */,
				6558AB212B381BAB002DA52B /* userspaceReboot.h */,
				6558AB1C2B381BAB002DA52B /* waitpid_decode.c */,
				6558AB1D2B381BAB002DA52B /* waitpid_decode.h */,
				6558AB252B381BC1002DA52B /* bridge.h */,
			);
			path = CBackend;
			sourceTree = "<group>";
		};
		6573A4082B428887008C3F28 /* Exploit */ = {
			isa = PBXGroup;
			children = (
				6573A4092B428887008C3F28 /* MDC */,
				6573A4142B428887008C3F28 /* Wrappers.swift */,
				6573A42B2B428887008C3F28 /* MacDirtyCowSwift.swift */,
				6573A4452B428887008C3F28 /* others */,
				6573A4472B428887008C3F28 /* libpurekfd_bridge.h */,
				6573A44B2B428887008C3F28 /* OverwriteFiles */,
			);
			path = Exploit;
			sourceTree = "<group>";
		};
		6573A4092B428887008C3F28 /* MDC */ = {
			isa = PBXGroup;
			children = (
				6573A40A2B428887008C3F28 /* jit.m */,
				6573A40C2B428887008C3F28 /* vm_unaligned_copy_switch_race.c */,
				6573A40D2B428887008C3F28 /* grant_full_disk_access.m */,
				6573A40E2B428887008C3F28 /* helpers.m */,
				6573A4102B428887008C3F28 /* jit.h */,
				6573A4112B428887008C3F28 /* vm_unaligned_copy_switch_race.h */,
				6573A4122B428887008C3F28 /* helpers.h */,
				6573A4132B428887008C3F28 /* grant_full_disk_access.h */,
			);
			path = MDC;
			sourceTree = "<group>";
		};
		6573A4452B428887008C3F28 /* others */ = {
			isa = PBXGroup;
			children = (
				6573A4462B428887008C3F28 /* IconServices.h */,
			);
			path = others;
			sourceTree = "<group>";
		};
		6573A44B2B428887008C3F28 /* OverwriteFiles */ = {
			isa = PBXGroup;
			children = (
				6573A44C2B428887008C3F28 /* AccentJSON */,
				6573A4532B428887008C3F28 /* SpringboardFiles */,
				6573A46E2B428887008C3F28 /* lock.caml */,
			);
			path = OverwriteFiles;
			sourceTree = "<group>";
		};
		6573A44C2B428887008C3F28 /* AccentJSON */ = {
			isa = PBXGroup;
			children = (
				6573A44D2B428887008C3F28 /* LightVibrantStandard.json */,
				6573A44E2B428887008C3F28 /* LightStandard.json */,
				6573A44F2B428887008C3F28 /* DarkStandard.json */,
				6573A4502B428887008C3F28 /* DarkIncreasedContrast.json */,
				6573A4512B428887008C3F28 /* LightIncreasedContrast.json */,
				6573A4522B428887008C3F28 /* DarkVibrantStandard.json */,
			);
			path = AccentJSON;
			sourceTree = "<group>";
		};
		6573A4532B428887008C3F28 /* SpringboardFiles */ = {
			isa = PBXGroup;
			children = (
				6573A4542B428887008C3F28 /* replacement.materialrecipe */,
				6573A4552B428887008C3F28 /* BackupFiles */,
			);
			path = SpringboardFiles;
			sourceTree = "<group>";
		};
		6573A4552B428887008C3F28 /* BackupFiles */ = {
			isa = PBXGroup;
			children = (
				6573A4562B428887008C3F28 /* Notif */,
				6573A4592B428887008C3F28 /* LibraryFolder */,
				6573A45C2B428887008C3F28 /* Module */,
				6573A45F2B428887008C3F28 /* Folder */,
				6573A4622B428887008C3F28 /* FolderBG */,
				6573A4662B428887008C3F28 /* homeScreenBackdrop-application.materialrecipe */,
				6573A4672B428887008C3F28 /* HomeBarAssets.car */,
				6573A4682B428887008C3F28 /* NotifShadow */,
				6573A46B2B428887008C3F28 /* Dock */,
			);
			path = BackupFiles;
			sourceTree = "<group>";
		};
		6573A4562B428887008C3F28 /* Notif */ = {
			isa = PBXGroup;
			children = (
				6573A4572B428887008C3F28 /* platters.materialrecipe */,
				6573A4582B428887008C3F28 /* plattersDark.materialrecipe */,
			);
			path = Notif;
			sourceTree = "<group>";
		};
		6573A4592B428887008C3F28 /* LibraryFolder */ = {
			isa = PBXGroup;
			children = (
				6573A45A2B428887008C3F28 /* podBackgroundViewLight.visualstyleset */,
				6573A45B2B428887008C3F28 /* podBackgroundViewDark.visualstyleset */,
			);
			path = LibraryFolder;
			sourceTree = "<group>";
		};
		6573A45C2B428887008C3F28 /* Module */ = {
			isa = PBXGroup;
			children = (
				6573A45D2B428887008C3F28 /* modules.materialrecipe */,
				6573A45E2B428887008C3F28 /* modulesBackground.materialrecipe */,
			);
			path = Module;
			sourceTree = "<group>";
		};
		6573A45F2B428887008C3F28 /* Folder */ = {
			isa = PBXGroup;
			children = (
				6573A4602B428887008C3F28 /* folderLight.materialrecipe */,
				6573A4612B428887008C3F28 /* folderDark.materialrecipe */,
			);
			path = Folder;
			sourceTree = "<group>";
		};
		6573A4622B428887008C3F28 /* FolderBG */ = {
			isa = PBXGroup;
			children = (
				6573A4632B428887008C3F28 /* folderExpandedBackgroundHome.materialrecipe */,
				6573A4642B428887008C3F28 /* homeScreenOverlay-iPad.materialrecipe */,
				6573A4652B428887008C3F28 /* homeScreenOverlay.materialrecipe */,
			);
			path = FolderBG;
			sourceTree = "<group>";
		};
		6573A4682B428887008C3F28 /* NotifShadow */ = {
			isa = PBXGroup;
			children = (
				6573A4692B428887008C3F28 /* platterVibrantShadowLight.visualstyleset */,
				6573A46A2B428887008C3F28 /* platterVibrantShadowDark.visualstyleset */,
			);
			path = NotifShadow;
			sourceTree = "<group>";
		};
		6573A46B2B428887008C3F28 /* Dock */ = {
			isa = PBXGroup;
			children = (
				6573A46C2B428887008C3F28 /* dockDark.materialrecipe */,
				6573A46D2B428887008C3F28 /* dockLight.materialrecipe */,
			);
			path = Dock;
			sourceTree = "<group>";
		};
		6596B0E82AAAABB90005EED9 = {
			isa = PBXGroup;
			children = (
				019D57022B280DC9007F2D00 /* RootHelper */,
				6596B0F32AAAABB90005EED9 /* PureKFD */,
				6596B0F22AAAABB90005EED9 /* Products */,
				65F1902F2B37F26900D04153 /* Frameworks */,
			);
			sourceTree = "<group>";
		};
		6596B0F22AAAABB90005EED9 /* Products */ = {
			isa = PBXGroup;
			children = (
				6596B0F12AAAABB90005EED9 /* PureKFD.app */,
			);
			name = Products;
			sourceTree = "<group>";
		};
		6596B0F32AAAABB90005EED9 /* PureKFD */ = {
			isa = PBXGroup;
			children = (
				65E8B8F32B238A62008C4CEC /* PureKFD.entitlements */,
				6596B0F82AAAABBA0005EED9 /* Assets.xcassets */,
				6596B0F62AAAABB90005EED9 /* Main.swift */,
				6573A4082B428887008C3F28 /* Exploit */,
				650E27522B38041B00C32088 /* Prefs */,
				650E82122AF6FFB700985508 /* Main */,
				6596B1022AAAAC050005EED9 /* Views */,
			);
			path = PureKFD;
			sourceTree = "<group>";
		};
		6596B1022AAAAC050005EED9 /* Views */ = {
			isa = PBXGroup;
			children = (
				65FCEBCA2AAC928200E4DAF8 /* Home.swift */,
				65FCEBD02AAC929700E4DAF8 /* Browse.swift */,
				65FCEBCE2AAC928E00E4DAF8 /* Installed.swift */,
				65FCEBCC2AAC928800E4DAF8 /* Search.swift */,
				650AEEC62AC0231300B9F470 /* Developer.swift */,
				650E82112AF6FF5000985508 /* Developer */,
				651FFEC72AAE7518005D6223 /* Package.swift */,
				651895902B302BF400B4C118 /* Setup.swift */,
			);
			path = Views;
			sourceTree = "<group>";
		};
		65F1902F2B37F26900D04153 /* Frameworks */ = {
			isa = PBXGroup;
			children = (
				654DED022B383CA200DACD2E /* IOKit.framework */,
			);
			name = Frameworks;
			sourceTree = "<group>";
		};
/* End PBXGroup section */

/* Begin PBXNativeTarget section */
		6596B0F02AAAABB90005EED9 /* PureKFD */ = {
			isa = PBXNativeTarget;
			buildConfigurationList = 6596B0FF2AAAABBA0005EED9 /* Build configuration list for PBXNativeTarget "PureKFD" */;
			buildPhases = (
				6596B0ED2AAAABB90005EED9 /* Sources */,
				6596B0EE2AAAABB90005EED9 /* Frameworks */,
				6596B0EF2AAAABB90005EED9 /* Resources */,
				651D95EA2B20F23100C7F478 /* Run Script */,
			);
			buildRules = (
			);
			dependencies = (
			);
			name = PureKFD;
			packageProductDependencies = (
				65B475A02AAD586500172BD3 /* MarqueeText */,
				651FFEC32AAE2E81005D6223 /* TextFieldAlert */,
				658D6BB12AAED5000023A755 /* Zip */,
				65AA20C92B59253700C178A8 /* Kingfisher */,
				6528C2AB2B5F533D004FA793 /* SwiftKFD */,
				6528C2AF2B5F74F6004FA793 /* SwiftKFD */,
			);
			productName = PureKFD;
			productReference = 6596B0F12AAAABB90005EED9 /* PureKFD.app */;
			productType = "com.apple.product-type.application";
		};
/* End PBXNativeTarget section */

/* Begin PBXProject section */
		6596B0E92AAAABB90005EED9 /* Project object */ = {
			isa = PBXProject;
			attributes = {
				BuildIndependentTargetsInParallel = 1;
				LastSwiftUpdateCheck = 1510;
				LastUpgradeCheck = 1510;
				TargetAttributes = {
					6596B0F02AAAABB90005EED9 = {
						CreatedOnToolsVersion = 15.0;
					};
				};
			};
			buildConfigurationList = 6596B0EC2AAAABB90005EED9 /* Build configuration list for PBXProject "PureKFD" */;
			compatibilityVersion = "Xcode 14.0";
			developmentRegion = en;
			hasScannedForEncodings = 0;
			knownRegions = (
				en,
				Base,
				"zh-Hant-TW",
			);
			mainGroup = 6596B0E82AAAABB90005EED9;
			packageReferences = (
				65B4759F2AAD586500172BD3 /* XCRemoteSwiftPackageReference "MarqueeText" */,
				651FFEC22AAE2E81005D6223 /* XCRemoteSwiftPackageReference "TextFieldAlert" */,
				658D6BB02AAED5000023A755 /* XCRemoteSwiftPackageReference "Zip" */,
				65AA20C82B59253700C178A8 /* XCRemoteSwiftPackageReference "Kingfisher" */,
				6528C2AE2B5F74F6004FA793 /* XCRemoteSwiftPackageReference "SwiftKFD" */,
			);
			productRefGroup = 6596B0F22AAAABB90005EED9 /* Products */;
			projectDirPath = "";
			projectRoot = "";
			targets = (
				6596B0F02AAAABB90005EED9 /* PureKFD */,
			);
		};
/* End PBXProject section */

/* Begin PBXResourcesBuildPhase section */
		6596B0EF2AAAABB90005EED9 /* Resources */ = {
			isa = PBXResourcesBuildPhase;
			buildActionMask = 2147483647;
			files = (
				6573A4892B428887008C3F28 /* DarkVibrantStandard.json in Resources */,
				6573A4992B428887008C3F28 /* platterVibrantShadowDark.visualstyleset in Resources */,
				6573A49B2B428887008C3F28 /* dockLight.materialrecipe in Resources */,
				6573A48F2B428887008C3F28 /* modules.materialrecipe in Resources */,
				6573A4962B428887008C3F28 /* homeScreenBackdrop-application.materialrecipe in Resources */,
				6573A49C2B428887008C3F28 /* lock.caml in Resources */,
				6573A48C2B428887008C3F28 /* plattersDark.materialrecipe in Resources */,
				6573A4862B428887008C3F28 /* DarkStandard.json in Resources */,
				6573A4972B428887008C3F28 /* HomeBarAssets.car in Resources */,
				6573A4952B428887008C3F28 /* homeScreenOverlay.materialrecipe in Resources */,
				6573A4982B428887008C3F28 /* platterVibrantShadowLight.visualstyleset in Resources */,
				6573A48B2B428887008C3F28 /* platters.materialrecipe in Resources */,
				6573A4852B428887008C3F28 /* LightStandard.json in Resources */,
				6573A48D2B428887008C3F28 /* podBackgroundViewLight.visualstyleset in Resources */,
				6573A4842B428887008C3F28 /* LightVibrantStandard.json in Resources */,
				6573A4902B428887008C3F28 /* modulesBackground.materialrecipe in Resources */,
				6596B0F92AAAABBA0005EED9 /* Assets.xcassets in Resources */,
				6573A49A2B428887008C3F28 /* dockDark.materialrecipe in Resources */,
				6573A4872B428887008C3F28 /* DarkIncreasedContrast.json in Resources */,
				6573A4882B428887008C3F28 /* LightIncreasedContrast.json in Resources */,
				6573A4922B428887008C3F28 /* folderDark.materialrecipe in Resources */,
				6573A48A2B428887008C3F28 /* replacement.materialrecipe in Resources */,
				6573A4942B428887008C3F28 /* homeScreenOverlay-iPad.materialrecipe in Resources */,
				6573A4912B428887008C3F28 /* folderLight.materialrecipe in Resources */,
				6573A4932B428887008C3F28 /* folderExpandedBackgroundHome.materialrecipe in Resources */,
				6573A48E2B428887008C3F28 /* podBackgroundViewDark.visualstyleset in Resources */,
			);
			runOnlyForDeploymentPostprocessing = 0;
		};
/* End PBXResourcesBuildPhase section */

/* Begin PBXShellScriptBuildPhase section */
		651D95EA2B20F23100C7F478 /* Run Script */ = {
			isa = PBXShellScriptBuildPhase;
			buildActionMask = 12;
			files = (
			);
			inputFileListPaths = (
			);
			inputPaths = (
			);
			name = "Run Script";
			outputFileListPaths = (
			);
			outputPaths = (
			);
			runOnlyForDeploymentPostprocessing = 0;
			shellPath = /bin/sh;
			shellScript = "# Type a script or drag a script file from your workspace to insert its path.\nif [ -d \"${BUILT_PRODUCTS_DIR}/Build\" ]; then\n    rm -r \"${BUILT_PRODUCTS_DIR}/Build\"\nfi\nmkdir ${BUILT_PRODUCTS_DIR}/Build\ncp -r ${BUILT_PRODUCTS_DIR}/PureKFD.app ${BUILT_PRODUCTS_DIR}/Build/PureKFD.app\nldid -S./entitlements.plist ${BUILT_PRODUCTS_DIR}/Build/PureKFD.app/PureKFD\ncd ${BUILT_PRODUCTS_DIR}/Build\nif [ -d \"Payload\" ]; then\n    rm -r \"Payload\"\nfi\nmkdir -p \"Payload\"\nplutil -replace CFBundleIdentifier -string \"uwu.lrdsnow.purekfd\" PureKFD.app/Info.plist\necho $(date '+%Y-%m-%d %H:%M:%S') > PureKFD.app/build.txt\nmv PureKFD.app Payload/PureKFD.app\nzip -r purekfd.ipa Payload\nrm -r Payload\n";
		};
/* End PBXShellScriptBuildPhase section */

/* Begin PBXSourcesBuildPhase section */
		6596B0ED2AAAABB90005EED9 /* Sources */ = {
			isa = PBXSourcesBuildPhase;
			buildActionMask = 2147483647;
			files = (
				650AEEC72AC0231300B9F470 /* Developer.swift in Sources */,
				650E82162AF7014500985508 /* LeminsColors.swift in Sources */,
				6573A4722B428887008C3F28 /* helpers.m in Sources */,
				650E82182AF7017200985508 /* ViewModifiers.swift in Sources */,
				65B475972AACD64800172BD3 /* RepoHandler.swift in Sources */,
				650E27582B38041B00C32088 /* purePrefs.swift in Sources */,
				65FD0E702AFBFB040069577A /* AppManager.swift in Sources */,
				650AEEC52AC0226600B9F470 /* TweakCreator.swift in Sources */,
				65B475992AACDAD100172BD3 /* RepoData.swift in Sources */,
				6573A4712B428887008C3F28 /* grant_full_disk_access.m in Sources */,
				0116639E2B2B0BFB00E8725D /* mount_check.m in Sources */,
				6558AB222B381BAB002DA52B /* waitpid_decode.c in Sources */,
				65FCEBCD2AAC928800E4DAF8 /* Search.swift in Sources */,
				651FFEC82AAE7518005D6223 /* Package.swift in Sources */,
				65FCEBCB2AAC928200E4DAF8 /* Home.swift in Sources */,
				65AB44DE2AD28E3B0073BF45 /* TweakConverter.swift in Sources */,
				6573A46F2B428887008C3F28 /* jit.m in Sources */,
				6573A4702B428887008C3F28 /* vm_unaligned_copy_switch_race.c in Sources */,
				6573A4752B428887008C3F28 /* MacDirtyCowSwift.swift in Sources */,
				651895912B302BF400B4C118 /* Setup.swift in Sources */,
				650E27562B38041B00C32088 /* prefTranslate.swift in Sources */,
				65FCEBCF2AAC928E00E4DAF8 /* Installed.swift in Sources */,
				650E821A2AF7018D00985508 /* ColorHandling.swift in Sources */,
				65B4759E2AAD0A4900172BD3 /* Extensions.swift in Sources */,
				65FCEBD12AAC929700E4DAF8 /* Browse.swift in Sources */,
				650E821C2AF701DE00985508 /* Alert++.swift in Sources */,
				650E27572B38041B00C32088 /* prefCreator.swift in Sources */,
				6558AB232B381BAB002DA52B /* userspaceReboot.c in Sources */,
				019D57062B280EAA007F2D00 /* spawnRoot.swift in Sources */,
				6596B0F72AAAABB90005EED9 /* Main.swift in Sources */,
				65DDC7A22ABAA51700F627FA /* FileBrowser.swift in Sources */,
				65A38F182AB13F0C00C23058 /* Tweak.swift in Sources */,
				6573A4742B428887008C3F28 /* Wrappers.swift in Sources */,
				650E821E2AF701F600985508 /* Others.swift in Sources */,
				019D57042B280E0F007F2D00 /* RootHelperMain.swift in Sources */,
				65FCEBD52AACA85300E4DAF8 /* AppData.swift in Sources */,
			);
			runOnlyForDeploymentPostprocessing = 0;
		};
/* End PBXSourcesBuildPhase section */

/* Begin XCBuildConfiguration section */
		6596B0FD2AAAABBA0005EED9 /* Debug */ = {
			isa = XCBuildConfiguration;
			buildSettings = {
				ALWAYS_SEARCH_USER_PATHS = NO;
				ASSETCATALOG_COMPILER_GENERATE_SWIFT_ASSET_SYMBOL_EXTENSIONS = YES;
				CLANG_ANALYZER_LOCALIZABILITY_NONLOCALIZED = YES;
				CLANG_ANALYZER_NONNULL = YES;
				CLANG_ANALYZER_NUMBER_OBJECT_CONVERSION = YES_AGGRESSIVE;
				CLANG_CXX_LANGUAGE_STANDARD = "gnu++20";
				CLANG_ENABLE_MODULES = YES;
				CLANG_ENABLE_OBJC_ARC = YES;
				CLANG_ENABLE_OBJC_WEAK = YES;
				CLANG_WARN_BLOCK_CAPTURE_AUTORELEASING = YES;
				CLANG_WARN_BOOL_CONVERSION = YES;
				CLANG_WARN_COMMA = YES;
				CLANG_WARN_CONSTANT_CONVERSION = YES;
				CLANG_WARN_DEPRECATED_OBJC_IMPLEMENTATIONS = YES;
				CLANG_WARN_DIRECT_OBJC_ISA_USAGE = YES_ERROR;
				CLANG_WARN_DOCUMENTATION_COMMENTS = YES;
				CLANG_WARN_EMPTY_BODY = YES;
				CLANG_WARN_ENUM_CONVERSION = YES;
				CLANG_WARN_INFINITE_RECURSION = YES;
				CLANG_WARN_INT_CONVERSION = YES;
				CLANG_WARN_NON_LITERAL_NULL_CONVERSION = YES;
				CLANG_WARN_OBJC_IMPLICIT_RETAIN_SELF = YES;
				CLANG_WARN_OBJC_LITERAL_CONVERSION = YES;
				CLANG_WARN_OBJC_ROOT_CLASS = YES_ERROR;
				CLANG_WARN_QUOTED_INCLUDE_IN_FRAMEWORK_HEADER = YES;
				CLANG_WARN_RANGE_LOOP_ANALYSIS = YES;
				CLANG_WARN_STRICT_PROTOTYPES = YES;
				CLANG_WARN_SUSPICIOUS_MOVE = YES;
				CLANG_WARN_UNGUARDED_AVAILABILITY = YES_AGGRESSIVE;
				CLANG_WARN_UNREACHABLE_CODE = YES;
				CLANG_WARN__DUPLICATE_METHOD_MATCH = YES;
				COPY_PHASE_STRIP = NO;
				DEBUG_INFORMATION_FORMAT = dwarf;
				ENABLE_STRICT_OBJC_MSGSEND = YES;
				ENABLE_TESTABILITY = YES;
				ENABLE_USER_SCRIPT_SANDBOXING = YES;
				GCC_C_LANGUAGE_STANDARD = gnu17;
				GCC_DYNAMIC_NO_PIC = NO;
				GCC_NO_COMMON_BLOCKS = YES;
				GCC_OPTIMIZATION_LEVEL = 0;
				GCC_PREPROCESSOR_DEFINITIONS = (
					"DEBUG=1",
					"$(inherited)",
				);
				GCC_WARN_64_TO_32_BIT_CONVERSION = YES;
				GCC_WARN_ABOUT_RETURN_TYPE = YES_ERROR;
				GCC_WARN_UNDECLARED_SELECTOR = YES;
				GCC_WARN_UNINITIALIZED_AUTOS = YES_AGGRESSIVE;
				GCC_WARN_UNUSED_FUNCTION = YES;
				GCC_WARN_UNUSED_VARIABLE = YES;
				IPHONEOS_DEPLOYMENT_TARGET = 17.0;
				LOCALIZATION_PREFERS_STRING_CATALOGS = YES;
				MTL_ENABLE_DEBUG_INFO = INCLUDE_SOURCE;
				MTL_FAST_MATH = YES;
				ONLY_ACTIVE_ARCH = YES;
				OTHER_CFLAGS = (
					"-Werror=format",
					"-Werror=format-security",
				);
				SDKROOT = iphoneos;
				SWIFT_ACTIVE_COMPILATION_CONDITIONS = "DEBUG $(inherited)";
				SWIFT_OPTIMIZATION_LEVEL = "-Onone";
			};
			name = Debug;
		};
		6596B0FE2AAAABBA0005EED9 /* Release */ = {
			isa = XCBuildConfiguration;
			buildSettings = {
				ALWAYS_SEARCH_USER_PATHS = NO;
				ASSETCATALOG_COMPILER_GENERATE_SWIFT_ASSET_SYMBOL_EXTENSIONS = YES;
				CLANG_ANALYZER_LOCALIZABILITY_NONLOCALIZED = YES;
				CLANG_ANALYZER_NONNULL = YES;
				CLANG_ANALYZER_NUMBER_OBJECT_CONVERSION = YES_AGGRESSIVE;
				CLANG_CXX_LANGUAGE_STANDARD = "gnu++20";
				CLANG_ENABLE_MODULES = YES;
				CLANG_ENABLE_OBJC_ARC = YES;
				CLANG_ENABLE_OBJC_WEAK = YES;
				CLANG_WARN_BLOCK_CAPTURE_AUTORELEASING = YES;
				CLANG_WARN_BOOL_CONVERSION = YES;
				CLANG_WARN_COMMA = YES;
				CLANG_WARN_CONSTANT_CONVERSION = YES;
				CLANG_WARN_DEPRECATED_OBJC_IMPLEMENTATIONS = YES;
				CLANG_WARN_DIRECT_OBJC_ISA_USAGE = YES_ERROR;
				CLANG_WARN_DOCUMENTATION_COMMENTS = YES;
				CLANG_WARN_EMPTY_BODY = YES;
				CLANG_WARN_ENUM_CONVERSION = YES;
				CLANG_WARN_INFINITE_RECURSION = YES;
				CLANG_WARN_INT_CONVERSION = YES;
				CLANG_WARN_NON_LITERAL_NULL_CONVERSION = YES;
				CLANG_WARN_OBJC_IMPLICIT_RETAIN_SELF = YES;
				CLANG_WARN_OBJC_LITERAL_CONVERSION = YES;
				CLANG_WARN_OBJC_ROOT_CLASS = YES_ERROR;
				CLANG_WARN_QUOTED_INCLUDE_IN_FRAMEWORK_HEADER = YES;
				CLANG_WARN_RANGE_LOOP_ANALYSIS = YES;
				CLANG_WARN_STRICT_PROTOTYPES = YES;
				CLANG_WARN_SUSPICIOUS_MOVE = YES;
				CLANG_WARN_UNGUARDED_AVAILABILITY = YES_AGGRESSIVE;
				CLANG_WARN_UNREACHABLE_CODE = YES;
				CLANG_WARN__DUPLICATE_METHOD_MATCH = YES;
				COPY_PHASE_STRIP = NO;
				DEBUG_INFORMATION_FORMAT = "dwarf-with-dsym";
				ENABLE_NS_ASSERTIONS = NO;
				ENABLE_STRICT_OBJC_MSGSEND = YES;
				ENABLE_USER_SCRIPT_SANDBOXING = YES;
				GCC_C_LANGUAGE_STANDARD = gnu17;
				GCC_NO_COMMON_BLOCKS = YES;
				GCC_WARN_64_TO_32_BIT_CONVERSION = YES;
				GCC_WARN_ABOUT_RETURN_TYPE = YES_ERROR;
				GCC_WARN_UNDECLARED_SELECTOR = YES;
				GCC_WARN_UNINITIALIZED_AUTOS = YES_AGGRESSIVE;
				GCC_WARN_UNUSED_FUNCTION = YES;
				GCC_WARN_UNUSED_VARIABLE = YES;
				IPHONEOS_DEPLOYMENT_TARGET = 17.0;
				LOCALIZATION_PREFERS_STRING_CATALOGS = YES;
				MTL_ENABLE_DEBUG_INFO = NO;
				MTL_FAST_MATH = YES;
				OTHER_CFLAGS = (
					"-Werror=format",
					"-Werror=format-security",
				);
				SDKROOT = iphoneos;
				SWIFT_COMPILATION_MODE = wholemodule;
				VALIDATE_PRODUCT = YES;
			};
			name = Release;
		};
		6596B1002AAAABBA0005EED9 /* Debug */ = {
			isa = XCBuildConfiguration;
			buildSettings = {
				ASSETCATALOG_COMPILER_ALTERNATE_APPICON_NAMES = "AppIconOG AppIcon2 AppIcon1 AppIcon4 AppIcon3 AppIcon5 AppIcon7 AppIcon6 AppIcon10 AppIcon9 AppIcon8 AppIcon11 AppIcon15 AppIcon14 AppIcon12 AppIcon13 AppIcon12 AppIcon17 AppIcon16 AppIcon22 AppIcon21 AppIcon20 AppIcon24 AppIcon23";
				ASSETCATALOG_COMPILER_APPICON_NAME = AppIcon;
				ASSETCATALOG_COMPILER_GLOBAL_ACCENT_COLOR_NAME = AccentColor;
				ASSETCATALOG_COMPILER_INCLUDE_ALL_APPICON_ASSETS = YES;
				CLANG_LINK_OBJC_RUNTIME = YES;
				CODE_SIGNING_ALLOWED = NO;
				CODE_SIGN_ALLOW_ENTITLEMENTS_MODIFICATION = YES;
				CODE_SIGN_ENTITLEMENTS = PureKFD/PureKFD.entitlements;
				CODE_SIGN_STYLE = Automatic;
				CURRENT_PROJECT_VERSION = 1;
				DEVELOPMENT_ASSET_PATHS = "";
				DEVELOPMENT_TEAM = 6Q625HQD73;
				ENABLE_PREVIEWS = YES;
				ENABLE_USER_SCRIPT_SANDBOXING = NO;
				FRAMEWORK_SEARCH_PATHS = (
					"$(inherited)",
					"$(PROJECT_DIR)/lib",
				);
				GENERATE_INFOPLIST_FILE = YES;
				INFOPLIST_FILE = PureKFD/Info.plist;
				INFOPLIST_KEY_CFBundleDisplayName = PureKFD;
				INFOPLIST_KEY_LSApplicationCategoryType = "public.app-category.utilities";
				INFOPLIST_KEY_NSAppleMusicUsageDescription = "Allow PureKFD to unsandbox";
				INFOPLIST_KEY_UIApplicationSceneManifest_Generation = YES;
				INFOPLIST_KEY_UIApplicationSupportsIndirectInputEvents = YES;
				INFOPLIST_KEY_UILaunchScreen_Generation = YES;
				INFOPLIST_KEY_UISupportedInterfaceOrientations_iPad = "UIInterfaceOrientationPortrait UIInterfaceOrientationPortraitUpsideDown UIInterfaceOrientationLandscapeLeft UIInterfaceOrientationLandscapeRight";
				INFOPLIST_KEY_UISupportedInterfaceOrientations_iPhone = "UIInterfaceOrientationPortrait UIInterfaceOrientationLandscapeLeft UIInterfaceOrientationLandscapeRight";
				INFOPLIST_KEY_UISupportsDocumentBrowser = YES;
				IPHONEOS_DEPLOYMENT_TARGET = 15.0;
				LD_RUNPATH_SEARCH_PATHS = (
					"$(inherited)",
					"@executable_path/Frameworks",
				);
				LIBRARY_SEARCH_PATHS = (
					"$(inherited)",
					"$(PROJECT_DIR)",
					"$(PROJECT_DIR)/lib",
					"$(PROJECT_DIR)/RootHelper/RootHide",
				);
				MARKETING_VERSION = 5.0;
				OTHER_LDFLAGS = "";
				PRODUCT_BUNDLE_IDENTIFIER = uwu.lrdsnow.pure;
				PRODUCT_NAME = "$(TARGET_NAME)";
				SUPPORTED_PLATFORMS = "iphoneos iphonesimulator";
				SUPPORTS_MACCATALYST = YES;
				SWIFT_EMIT_LOC_STRINGS = YES;
				SWIFT_OBJC_BRIDGING_HEADER = PureKFD/Main/CBackend/bridge.h;
				SWIFT_VERSION = 5.0;
				TARGETED_DEVICE_FAMILY = "1,2";
			};
			name = Debug;
		};
		6596B1012AAAABBA0005EED9 /* Release */ = {
			isa = XCBuildConfiguration;
			buildSettings = {
				ASSETCATALOG_COMPILER_ALTERNATE_APPICON_NAMES = "AppIconOG AppIcon2 AppIcon1 AppIcon4 AppIcon3 AppIcon5 AppIcon7 AppIcon6 AppIcon10 AppIcon9 AppIcon8 AppIcon11 AppIcon15 AppIcon14 AppIcon12 AppIcon13 AppIcon12 AppIcon17 AppIcon16 AppIcon22 AppIcon21 AppIcon20 AppIcon24 AppIcon23";
				ASSETCATALOG_COMPILER_APPICON_NAME = AppIcon;
				ASSETCATALOG_COMPILER_GLOBAL_ACCENT_COLOR_NAME = AccentColor;
				ASSETCATALOG_COMPILER_INCLUDE_ALL_APPICON_ASSETS = YES;
				CLANG_LINK_OBJC_RUNTIME = YES;
				CODE_SIGNING_ALLOWED = NO;
				CODE_SIGN_ALLOW_ENTITLEMENTS_MODIFICATION = YES;
				CODE_SIGN_ENTITLEMENTS = PureKFD/PureKFD.entitlements;
				CODE_SIGN_STYLE = Automatic;
				CURRENT_PROJECT_VERSION = 1;
				DEVELOPMENT_ASSET_PATHS = "";
				DEVELOPMENT_TEAM = 6Q625HQD73;
				ENABLE_PREVIEWS = YES;
				ENABLE_USER_SCRIPT_SANDBOXING = NO;
				FRAMEWORK_SEARCH_PATHS = (
					"$(inherited)",
					"$(PROJECT_DIR)/lib",
				);
				GENERATE_INFOPLIST_FILE = YES;
				INFOPLIST_FILE = PureKFD/Info.plist;
				INFOPLIST_KEY_CFBundleDisplayName = PureKFD;
				INFOPLIST_KEY_LSApplicationCategoryType = "public.app-category.utilities";
				INFOPLIST_KEY_NSAppleMusicUsageDescription = "Allow PureKFD to unsandbox";
				INFOPLIST_KEY_UIApplicationSceneManifest_Generation = YES;
				INFOPLIST_KEY_UIApplicationSupportsIndirectInputEvents = YES;
				INFOPLIST_KEY_UILaunchScreen_Generation = YES;
				INFOPLIST_KEY_UISupportedInterfaceOrientations_iPad = "UIInterfaceOrientationPortrait UIInterfaceOrientationPortraitUpsideDown UIInterfaceOrientationLandscapeLeft UIInterfaceOrientationLandscapeRight";
				INFOPLIST_KEY_UISupportedInterfaceOrientations_iPhone = "UIInterfaceOrientationPortrait UIInterfaceOrientationLandscapeLeft UIInterfaceOrientationLandscapeRight";
				INFOPLIST_KEY_UISupportsDocumentBrowser = YES;
				IPHONEOS_DEPLOYMENT_TARGET = 15.0;
				LD_RUNPATH_SEARCH_PATHS = (
					"$(inherited)",
					"@executable_path/Frameworks",
				);
				LIBRARY_SEARCH_PATHS = (
					"$(inherited)",
					"$(PROJECT_DIR)",
					"$(PROJECT_DIR)/lib",
					"$(PROJECT_DIR)/RootHelper/RootHide",
				);
				MARKETING_VERSION = 5.0;
				OTHER_LDFLAGS = "";
				PRODUCT_BUNDLE_IDENTIFIER = uwu.lrdsnow.pure;
				PRODUCT_NAME = "$(TARGET_NAME)";
				SUPPORTED_PLATFORMS = "iphoneos iphonesimulator";
				SUPPORTS_MACCATALYST = YES;
				SWIFT_EMIT_LOC_STRINGS = YES;
				SWIFT_OBJC_BRIDGING_HEADER = PureKFD/Main/CBackend/bridge.h;
				SWIFT_VERSION = 5.0;
				TARGETED_DEVICE_FAMILY = "1,2";
			};
			name = Release;
		};
/* End XCBuildConfiguration section */

/* Begin XCConfigurationList section */
		6596B0EC2AAAABB90005EED9 /* Build configuration list for PBXProject "PureKFD" */ = {
			isa = XCConfigurationList;
			buildConfigurations = (
				6596B0FD2AAAABBA0005EED9 /* Debug */,
				6596B0FE2AAAABBA0005EED9 /* Release */,
			);
			defaultConfigurationIsVisible = 0;
			defaultConfigurationName = Debug;
		};
		6596B0FF2AAAABBA0005EED9 /* Build configuration list for PBXNativeTarget "PureKFD" */ = {
			isa = XCConfigurationList;
			buildConfigurations = (
				6596B1002AAAABBA0005EED9 /* Debug */,
				6596B1012AAAABBA0005EED9 /* Release */,
			);
			defaultConfigurationIsVisible = 0;
			defaultConfigurationName = Debug;
		};
/* End XCConfigurationList section */

/* Begin XCRemoteSwiftPackageReference section */
		651FFEC22AAE2E81005D6223 /* XCRemoteSwiftPackageReference "TextFieldAlert" */ = {
			isa = XCRemoteSwiftPackageReference;
			repositoryURL = "https://github.com/sochalewski/TextFieldAlert.git";
			requirement = {
				kind = upToNextMajorVersion;
				minimumVersion = 1.4.0;
			};
		};
		6528C2AE2B5F74F6004FA793 /* XCRemoteSwiftPackageReference "SwiftKFD" */ = {
			isa = XCRemoteSwiftPackageReference;
			repositoryURL = "https://github.com/Lrdsnow/SwiftKFD";
			requirement = {
				branch = main;
				kind = branch;
			};
		};
		658D6BB02AAED5000023A755 /* XCRemoteSwiftPackageReference "Zip" */ = {
			isa = XCRemoteSwiftPackageReference;
			repositoryURL = "https://github.com/marmelroy/Zip.git";
			requirement = {
				kind = upToNextMajorVersion;
				minimumVersion = 2.1.2;
			};
		};
		65AA20C82B59253700C178A8 /* XCRemoteSwiftPackageReference "Kingfisher" */ = {
			isa = XCRemoteSwiftPackageReference;
			repositoryURL = "https://github.com/onevcat/Kingfisher";
			requirement = {
				kind = upToNextMajorVersion;
				minimumVersion = 7.10.2;
			};
		};
		65B4759F2AAD586500172BD3 /* XCRemoteSwiftPackageReference "MarqueeText" */ = {
			isa = XCRemoteSwiftPackageReference;
			repositoryURL = "https://github.com/joekndy/MarqueeText.git";
			requirement = {
				branch = master;
				kind = branch;
			};
		};
/* End XCRemoteSwiftPackageReference section */

/* Begin XCSwiftPackageProductDependency section */
		651FFEC32AAE2E81005D6223 /* TextFieldAlert */ = {
			isa = XCSwiftPackageProductDependency;
			package = 651FFEC22AAE2E81005D6223 /* XCRemoteSwiftPackageReference "TextFieldAlert" */;
			productName = TextFieldAlert;
		};
		6528C2AB2B5F533D004FA793 /* SwiftKFD */ = {
			isa = XCSwiftPackageProductDependency;
			productName = SwiftKFD;
		};
		6528C2AF2B5F74F6004FA793 /* SwiftKFD */ = {
			isa = XCSwiftPackageProductDependency;
			package = 6528C2AE2B5F74F6004FA793 /* XCRemoteSwiftPackageReference "SwiftKFD" */;
			productName = SwiftKFD;
		};
		658D6BB12AAED5000023A755 /* Zip */ = {
			isa = XCSwiftPackageProductDependency;
			package = 658D6BB02AAED5000023A755 /* XCRemoteSwiftPackageReference "Zip" */;
			productName = Zip;
		};
		65AA20C92B59253700C178A8 /* Kingfisher */ = {
			isa = XCSwiftPackageProductDependency;
			package = 65AA20C82B59253700C178A8 /* XCRemoteSwiftPackageReference "Kingfisher" */;
			productName = Kingfisher;
		};
		65B475A02AAD586500172BD3 /* MarqueeText */ = {
			isa = XCSwiftPackageProductDependency;
			package = 65B4759F2AAD586500172BD3 /* XCRemoteSwiftPackageReference "MarqueeText" */;
			productName = MarqueeText;
		};
/* End XCSwiftPackageProductDependency section */
	};
	rootObject = 6596B0E92AAAABB90005EED9 /* Project object */;
}
