// !$*UTF8*$!
{
	archiveVersion = 1;
	classes = {
	};
	objectVersion = 70;
	objects = {

/* Begin PBXBuildFile section */
		650607A52C9474B200E1848C /* SparseRestore.swift in Sources */ = {isa = PBXBuildFile; fileRef = 650607A42C9474AF00E1848C /* SparseRestore.swift */; };
		650607A72C9474B900E1848C /* MDC.swift in Sources */ = {isa = PBXBuildFile; fileRef = 650607A62C9474B900E1848C /* MDC.swift */; };
		650607A92C9474BF00E1848C /* VirtualEnviorment.swift in Sources */ = {isa = PBXBuildFile; fileRef = 650607A82C9474BC00E1848C /* VirtualEnviorment.swift */; };
		650607AB2C94772F00E1848C /* TweakTranslate.swift in Sources */ = {isa = PBXBuildFile; fileRef = 650607AA2C94772C00E1848C /* TweakTranslate.swift */; };
		650607AC2C94772F00E1848C /* TweakTranslate.swift in Sources */ = {isa = PBXBuildFile; fileRef = 650607AA2C94772C00E1848C /* TweakTranslate.swift */; };
		65069B652C2E728000A309C2 /* RepoView.swift in Sources */ = {isa = PBXBuildFile; fileRef = 65069B642C2E727E00A309C2 /* RepoView.swift */; };
		65069B6C2C2F3BF400A309C2 /* AppData.swift in Sources */ = {isa = PBXBuildFile; fileRef = 65069B6B2C2F3BF200A309C2 /* AppData.swift */; };
		65069B6E2C2F69D500A309C2 /* TweakView.swift in Sources */ = {isa = PBXBuildFile; fileRef = 65069B6D2C2F69D300A309C2 /* TweakView.swift */; };
		65069B702C2FCAB500A309C2 /* Compat.swift in Sources */ = {isa = PBXBuildFile; fileRef = 65069B6F2C2FCAB400A309C2 /* Compat.swift */; };
		65069B722C2FD51F00A309C2 /* TweakDepitionView.swift in Sources */ = {isa = PBXBuildFile; fileRef = 65069B712C2FD51E00A309C2 /* TweakDepitionView.swift */; };
		65069B752C2FD53400A309C2 /* Down in Frameworks */ = {isa = PBXBuildFile; productRef = 65069B742C2FD53400A309C2 /* Down */; };
		65486BB92C85733A002E2F28 /* AppData.swift in Sources */ = {isa = PBXBuildFile; fileRef = 65069B6B2C2F3BF200A309C2 /* AppData.swift */; };
		65486BBA2C85733D002E2F28 /* Package.swift in Sources */ = {isa = PBXBuildFile; fileRef = 656C14D92C2DC1660017F279 /* Package.swift */; };
		65486BBB2C85733E002E2F28 /* Repo.swift in Sources */ = {isa = PBXBuildFile; fileRef = 656C14D52C2DC1200017F279 /* Repo.swift */; };
		65486BBC2C85733F002E2F28 /* DataExtensions.swift in Sources */ = {isa = PBXBuildFile; fileRef = 6576F8B12C33CAE200678715 /* DataExtensions.swift */; };
		65486BBD2C857343002E2F28 /* JASON+Alamofire.swift in Sources */ = {isa = PBXBuildFile; fileRef = 656C14E52C2DC4250017F279 /* JASON+Alamofire.swift */; };
		65486BBE2C857344002E2F28 /* StringExtensions.swift in Sources */ = {isa = PBXBuildFile; fileRef = 656C14D22C2D47AC0017F279 /* StringExtensions.swift */; };
		65486BBF2C857350002E2F28 /* RepoHandler.swift in Sources */ = {isa = PBXBuildFile; fileRef = 656C14C62C2D3DED0017F279 /* RepoHandler.swift */; };
		65486BC32C857355002E2F28 /* Debug.swift in Sources */ = {isa = PBXBuildFile; fileRef = 6576F8AF2C33CA9D00678715 /* Debug.swift */; };
		65486BC42C857357002E2F28 /* TweakApply.swift in Sources */ = {isa = PBXBuildFile; fileRef = 6576F8AD2C33CA5E00678715 /* TweakApply.swift */; };
		65486BC52C857359002E2F28 /* ExploitHandler.swift in Sources */ = {isa = PBXBuildFile; fileRef = 658EBA042C3662DF00826E0B /* ExploitHandler.swift */; };
		65486BC72C8574A4002E2F28 /* ColorExtensions.swift in Sources */ = {isa = PBXBuildFile; fileRef = 65C073852C2E58B00038E045 /* ColorExtensions.swift */; };
		65486BD12C857F0D002E2F28 /* JASON in Frameworks */ = {isa = PBXBuildFile; productRef = 65486BD02C857F0D002E2F28 /* JASON */; };
		65486BD32C857F1D002E2F28 /* Alamofire in Frameworks */ = {isa = PBXBuildFile; productRef = 65486BD22C857F1D002E2F28 /* Alamofire */; };
		65486BD52C857F27002E2F28 /* Nuke in Frameworks */ = {isa = PBXBuildFile; productRef = 65486BD42C857F27002E2F28 /* Nuke */; };
		65486BD72C857F27002E2F28 /* NukeUI in Frameworks */ = {isa = PBXBuildFile; productRef = 65486BD62C857F27002E2F28 /* NukeUI */; };
		65486BD92C857F2F002E2F28 /* Zip in Frameworks */ = {isa = PBXBuildFile; productRef = 65486BD82C857F2F002E2F28 /* Zip */; };
		65486BDB2C857F36002E2F28 /* Down in Frameworks */ = {isa = PBXBuildFile; productRef = 65486BDA2C857F36002E2F28 /* Down */; };
		65619DAD2C920C0500BEE096 /* prefTranslate.swift in Sources */ = {isa = PBXBuildFile; fileRef = 65619DAC2C920C0500BEE096 /* prefTranslate.swift */; };
		65619DAF2C920C1600BEE096 /* purePrefs.swift in Sources */ = {isa = PBXBuildFile; fileRef = 65619DAE2C920C1600BEE096 /* purePrefs.swift */; };
		65619DB12C920C2A00BEE096 /* PrefCreator.swift in Sources */ = {isa = PBXBuildFile; fileRef = 65619DB02C920C2A00BEE096 /* PrefCreator.swift */; };
		656C14AF2C2D32D60017F279 /* Main.swift in Sources */ = {isa = PBXBuildFile; fileRef = 656C14AE2C2D32D60017F279 /* Main.swift */; };
		656C14B12C2D32D80017F279 /* Assets.xcassets in Resources */ = {isa = PBXBuildFile; fileRef = 656C14B02C2D32D80017F279 /* Assets.xcassets */; };
		656C14BC2C2D33F20017F279 /* FeaturedView.swift in Sources */ = {isa = PBXBuildFile; fileRef = 656C14BB2C2D33EC0017F279 /* FeaturedView.swift */; };
		656C14BE2C2D35350017F279 /* BrowseView.swift in Sources */ = {isa = PBXBuildFile; fileRef = 656C14BD2C2D35320017F279 /* BrowseView.swift */; };
		656C14C02C2D36AC0017F279 /* InstalledView.swift in Sources */ = {isa = PBXBuildFile; fileRef = 656C14BF2C2D36A40017F279 /* InstalledView.swift */; };
		656C14C72C2D3DF00017F279 /* RepoHandler.swift in Sources */ = {isa = PBXBuildFile; fileRef = 656C14C62C2D3DED0017F279 /* RepoHandler.swift */; };
		656C14CA2C2D3FF00017F279 /* JASON in Frameworks */ = {isa = PBXBuildFile; productRef = 656C14C92C2D3FF00017F279 /* JASON */; };
		656C14D32C2D47B00017F279 /* StringExtensions.swift in Sources */ = {isa = PBXBuildFile; fileRef = 656C14D22C2D47AC0017F279 /* StringExtensions.swift */; };
		656C14D62C2DC1230017F279 /* Repo.swift in Sources */ = {isa = PBXBuildFile; fileRef = 656C14D52C2DC1200017F279 /* Repo.swift */; };
		656C14DA2C2DC1680017F279 /* Package.swift in Sources */ = {isa = PBXBuildFile; fileRef = 656C14D92C2DC1660017F279 /* Package.swift */; };
		656C14DF2C2DC3A90017F279 /* Alamofire in Frameworks */ = {isa = PBXBuildFile; productRef = 656C14DE2C2DC3A90017F279 /* Alamofire */; };
		656C14E62C2DC4250017F279 /* JASON+Alamofire.swift in Sources */ = {isa = PBXBuildFile; fileRef = 656C14E52C2DC4250017F279 /* JASON+Alamofire.swift */; };
		6576F8AE2C33CA6200678715 /* TweakApply.swift in Sources */ = {isa = PBXBuildFile; fileRef = 6576F8AD2C33CA5E00678715 /* TweakApply.swift */; };
		6576F8B02C33CA9E00678715 /* Debug.swift in Sources */ = {isa = PBXBuildFile; fileRef = 6576F8AF2C33CA9D00678715 /* Debug.swift */; };
		6576F8B22C33CAE700678715 /* DataExtensions.swift in Sources */ = {isa = PBXBuildFile; fileRef = 6576F8B12C33CAE200678715 /* DataExtensions.swift */; };
		657F802E2C9D23EA00EA91F8 /* MacDirtyCowSwift.swift in Sources */ = {isa = PBXBuildFile; fileRef = 657F802B2C9D23EA00EA91F8 /* MacDirtyCowSwift.swift */; };
		657F802F2C9D23EA00EA91F8 /* Wrappers.swift in Sources */ = {isa = PBXBuildFile; fileRef = 657F802C2C9D23EA00EA91F8 /* Wrappers.swift */; };
		657F80302C9D23EA00EA91F8 /* grant_full_disk_access.m in Sources */ = {isa = PBXBuildFile; fileRef = 657F80232C9D23EA00EA91F8 /* grant_full_disk_access.m */; };
		657F80312C9D23EA00EA91F8 /* jit.m in Sources */ = {isa = PBXBuildFile; fileRef = 657F80272C9D23EA00EA91F8 /* jit.m */; };
		657F80322C9D23EA00EA91F8 /* vm_unaligned_copy_switch_race.c in Sources */ = {isa = PBXBuildFile; fileRef = 657F80292C9D23EA00EA91F8 /* vm_unaligned_copy_switch_race.c */; };
		657F80332C9D23EA00EA91F8 /* helpers.m in Sources */ = {isa = PBXBuildFile; fileRef = 657F80252C9D23EA00EA91F8 /* helpers.m */; };
		658EBA052C3662E100826E0B /* ExploitHandler.swift in Sources */ = {isa = PBXBuildFile; fileRef = 658EBA042C3662DF00826E0B /* ExploitHandler.swift */; };
		65916F0C2C952FBC005C8462 /* MobileDevice.swift in Sources */ = {isa = PBXBuildFile; fileRef = 65916F0A2C952FBC005C8462 /* MobileDevice.swift */; };
		65916F112C952FC4005C8462 /* Backup.swift in Sources */ = {isa = PBXBuildFile; fileRef = 65916F0D2C952FC4005C8462 /* Backup.swift */; };
		65916F122C952FC4005C8462 /* MBDB.swift in Sources */ = {isa = PBXBuildFile; fileRef = 65916F0E2C952FC4005C8462 /* MBDB.swift */; };
		65916F2A2C9530EB005C8462 /* ByteBuffer-int.swift in Sources */ = {isa = PBXBuildFile; fileRef = 65916F1C2C9530EB005C8462 /* ByteBuffer-int.swift */; };
		65916F2B2C9530EB005C8462 /* ByteBuffer-conversions.swift in Sources */ = {isa = PBXBuildFile; fileRef = 65916F192C9530EB005C8462 /* ByteBuffer-conversions.swift */; };
		65916F2C2C9530EB005C8462 /* ByteBuffer-foundation.swift in Sources */ = {isa = PBXBuildFile; fileRef = 65916F242C9530EB005C8462 /* ByteBuffer-foundation.swift */; };
		65916F2D2C9530EB005C8462 /* IntegerTypes.swift in Sources */ = {isa = PBXBuildFile; fileRef = 65916F222C9530EB005C8462 /* IntegerTypes.swift */; };
		65916F2E2C9530EB005C8462 /* ByteBuffer-lengthPrefix.swift in Sources */ = {isa = PBXBuildFile; fileRef = 65916F1D2C9530EB005C8462 /* ByteBuffer-lengthPrefix.swift */; };
		65916F2F2C9530EB005C8462 /* IntegerBitPacking.swift in Sources */ = {isa = PBXBuildFile; fileRef = 65916F212C9530EB005C8462 /* IntegerBitPacking.swift */; };
		65916F302C9530EB005C8462 /* ByteBuffer-multi-int.swift in Sources */ = {isa = PBXBuildFile; fileRef = 65916F1E2C9530EB005C8462 /* ByteBuffer-multi-int.swift */; };
		65916F312C9530EB005C8462 /* Base64.swift in Sources */ = {isa = PBXBuildFile; fileRef = 65916F162C9530EB005C8462 /* Base64.swift */; };
		65916F322C9530EB005C8462 /* CircularBuffer.swift in Sources */ = {isa = PBXBuildFile; fileRef = 65916F202C9530EB005C8462 /* CircularBuffer.swift */; };
		65916F332C9530EB005C8462 /* ByteBuffer-hexdump.swift in Sources */ = {isa = PBXBuildFile; fileRef = 65916F1B2C9530EB005C8462 /* ByteBuffer-hexdump.swift */; };
		65916F342C9530EB005C8462 /* ByteBuffer-core.swift in Sources */ = {isa = PBXBuildFile; fileRef = 65916F1A2C9530EB005C8462 /* ByteBuffer-core.swift */; };
		65916F352C9530EB005C8462 /* PointerHelpers.swift in Sources */ = {isa = PBXBuildFile; fileRef = 65916F262C9530EB005C8462 /* PointerHelpers.swift */; };
		65916F362C9530EB005C8462 /* ByteBuffer-views.swift in Sources */ = {isa = PBXBuildFile; fileRef = 65916F1F2C9530EB005C8462 /* ByteBuffer-views.swift */; };
		65916F372C9530EB005C8462 /* ByteBuffer-aux.swift in Sources */ = {isa = PBXBuildFile; fileRef = 65916F182C9530EB005C8462 /* ByteBuffer-aux.swift */; };
		65916F432C9542E8005C8462 /* libEMProxy.dylib in Frameworks */ = {isa = PBXBuildFile; fileRef = 65916F422C9542E8005C8462 /* libEMProxy.dylib */; };
		65916F452C9542F0005C8462 /* libimobiledevice.dylib in Frameworks */ = {isa = PBXBuildFile; fileRef = 65916F442C9542F0005C8462 /* libimobiledevice.dylib */; };
		65916F472C954C07005C8462 /* libimobiledevice.dylib in CopyFiles */ = {isa = PBXBuildFile; fileRef = 65916F442C9542F0005C8462 /* libimobiledevice.dylib */; settings = {ATTRIBUTES = (CodeSignOnCopy, ); }; };
		65916F482C954C08005C8462 /* libEMProxy.dylib in CopyFiles */ = {isa = PBXBuildFile; fileRef = 65916F422C9542E8005C8462 /* libEMProxy.dylib */; settings = {ATTRIBUTES = (CodeSignOnCopy, ); }; };
		65916F4E2C95595A005C8462 /* em_proxy.swift in Sources */ = {isa = PBXBuildFile; fileRef = 65916F4D2C95595A005C8462 /* em_proxy.swift */; };
		65916F502C955960005C8462 /* minimuxer.swift in Sources */ = {isa = PBXBuildFile; fileRef = 65916F4F2C955960005C8462 /* minimuxer.swift */; };
		65916F522C955967005C8462 /* minimuxer-helpers.swift in Sources */ = {isa = PBXBuildFile; fileRef = 65916F512C955967005C8462 /* minimuxer-helpers.swift */; };
		65916F542C95596E005C8462 /* SwiftBridgeCore.swift in Sources */ = {isa = PBXBuildFile; fileRef = 65916F532C95596E005C8462 /* SwiftBridgeCore.swift */; };
		6595F3402C9BDC7800F00BD6 /* DirectWrite.swift in Sources */ = {isa = PBXBuildFile; fileRef = 6595F33F2C9BDC7600F00BD6 /* DirectWrite.swift */; };
		65ABD2D22C93D77F00DD01E8 /* TweakPath.swift in Sources */ = {isa = PBXBuildFile; fileRef = 65ABD2D12C93D77C00DD01E8 /* TweakPath.swift */; };
		65ABD2D32C93D77F00DD01E8 /* TweakPath.swift in Sources */ = {isa = PBXBuildFile; fileRef = 65ABD2D12C93D77C00DD01E8 /* TweakPath.swift */; };
		65B18D4C2C418B38002C6276 /* SwiftKFD in Frameworks */ = {isa = PBXBuildFile; productRef = 65B18D4B2C418B38002C6276 /* SwiftKFD */; };
		65B18D4E2C418B4E002C6276 /* KFD.swift in Sources */ = {isa = PBXBuildFile; fileRef = 65B18D4D2C418B4A002C6276 /* KFD.swift */; };
		65C0737E2C2DD1B10038E045 /* Nuke in Frameworks */ = {isa = PBXBuildFile; productRef = 65C0737D2C2DD1B10038E045 /* Nuke */; };
		65C073802C2DD1B10038E045 /* NukeUI in Frameworks */ = {isa = PBXBuildFile; productRef = 65C0737F2C2DD1B10038E045 /* NukeUI */; };
		65C073842C2E57200038E045 /* ImageHandling.swift in Sources */ = {isa = PBXBuildFile; fileRef = 65C073832C2E571B0038E045 /* ImageHandling.swift */; };
		65C073862C2E58B30038E045 /* ColorExtensions.swift in Sources */ = {isa = PBXBuildFile; fileRef = 65C073852C2E58B00038E045 /* ColorExtensions.swift */; };
		65D3A1DF2C37137200C4A071 /* DeviceInfo.swift in Sources */ = {isa = PBXBuildFile; fileRef = 65D3A1DE2C37136F00C4A071 /* DeviceInfo.swift */; };
		65D3A1E12C37663100C4A071 /* SettingsView.swift in Sources */ = {isa = PBXBuildFile; fileRef = 65D3A1E02C37662E00C4A071 /* SettingsView.swift */; };
		65DA9E142C30FA9C007D9AAA /* QueuedView.swift in Sources */ = {isa = PBXBuildFile; fileRef = 65DA9E132C30FA99007D9AAA /* QueuedView.swift */; };
		65DA9E162C3100E0007D9AAA /* Popup.swift in Sources */ = {isa = PBXBuildFile; fileRef = 65DA9E152C3100DC007D9AAA /* Popup.swift */; };
		65DA9E192C314241007D9AAA /* Zip in Frameworks */ = {isa = PBXBuildFile; productRef = 65DA9E182C314241007D9AAA /* Zip */; };
/* End PBXBuildFile section */

/* Begin PBXContainerItemProxy section */
		65916F3F2C9540C9005C8462 /* PBXContainerItemProxy */ = {
			isa = PBXContainerItemProxy;
			containerPortal = 656C14A12C2D32D60017F279 /* Project object */;
			proxyType = 1;
			remoteGlobalIDString = 65916F392C9532C3005C8462;
			remoteInfo = SparseBox;
		};
/* End PBXContainerItemProxy section */

/* Begin PBXCopyFilesBuildPhase section */
		65916F462C954C00005C8462 /* CopyFiles */ = {
			isa = PBXCopyFilesBuildPhase;
			buildActionMask = 2147483647;
			dstPath = "";
			dstSubfolderSpec = 10;
			files = (
				65916F472C954C07005C8462 /* libimobiledevice.dylib in CopyFiles */,
				65916F482C954C08005C8462 /* libEMProxy.dylib in CopyFiles */,
			);
			runOnlyForDeploymentPostprocessing = 0;
		};
/* End PBXCopyFilesBuildPhase section */

/* Begin PBXFileReference section */
		650607A42C9474AF00E1848C /* SparseRestore.swift */ = {isa = PBXFileReference; lastKnownFileType = sourcecode.swift; path = SparseRestore.swift; sourceTree = "<group>"; };
		650607A62C9474B900E1848C /* MDC.swift */ = {isa = PBXFileReference; lastKnownFileType = sourcecode.swift; path = MDC.swift; sourceTree = "<group>"; };
		650607A82C9474BC00E1848C /* VirtualEnviorment.swift */ = {isa = PBXFileReference; lastKnownFileType = sourcecode.swift; path = VirtualEnviorment.swift; sourceTree = "<group>"; };
		650607AA2C94772C00E1848C /* TweakTranslate.swift */ = {isa = PBXFileReference; lastKnownFileType = sourcecode.swift; path = TweakTranslate.swift; sourceTree = "<group>"; };
		65069B642C2E727E00A309C2 /* RepoView.swift */ = {isa = PBXFileReference; lastKnownFileType = sourcecode.swift; path = RepoView.swift; sourceTree = "<group>"; };
		65069B6B2C2F3BF200A309C2 /* AppData.swift */ = {isa = PBXFileReference; lastKnownFileType = sourcecode.swift; path = AppData.swift; sourceTree = "<group>"; };
		65069B6D2C2F69D300A309C2 /* TweakView.swift */ = {isa = PBXFileReference; lastKnownFileType = sourcecode.swift; path = TweakView.swift; sourceTree = "<group>"; };
		65069B6F2C2FCAB400A309C2 /* Compat.swift */ = {isa = PBXFileReference; lastKnownFileType = sourcecode.swift; path = Compat.swift; sourceTree = "<group>"; };
		65069B712C2FD51E00A309C2 /* TweakDepitionView.swift */ = {isa = PBXFileReference; lastKnownFileType = sourcecode.swift; path = TweakDepitionView.swift; sourceTree = "<group>"; };
		65486BAA2C8571A9002E2F28 /* PureRestore.app */ = {isa = PBXFileReference; explicitFileType = wrapper.application; includeInIndex = 0; path = PureRestore.app; sourceTree = BUILT_PRODUCTS_DIR; };
		65619DAC2C920C0500BEE096 /* prefTranslate.swift */ = {isa = PBXFileReference; lastKnownFileType = sourcecode.swift; path = prefTranslate.swift; sourceTree = "<group>"; };
		65619DAE2C920C1600BEE096 /* purePrefs.swift */ = {isa = PBXFileReference; lastKnownFileType = sourcecode.swift; path = purePrefs.swift; sourceTree = "<group>"; };
		65619DB02C920C2A00BEE096 /* PrefCreator.swift */ = {isa = PBXFileReference; lastKnownFileType = sourcecode.swift; path = PrefCreator.swift; sourceTree = "<group>"; };
		656C14A92C2D32D60017F279 /* purekfd.app */ = {isa = PBXFileReference; explicitFileType = wrapper.application; includeInIndex = 0; path = purekfd.app; sourceTree = BUILT_PRODUCTS_DIR; };
		656C14AE2C2D32D60017F279 /* Main.swift */ = {isa = PBXFileReference; lastKnownFileType = sourcecode.swift; path = Main.swift; sourceTree = "<group>"; };
		656C14B02C2D32D80017F279 /* Assets.xcassets */ = {isa = PBXFileReference; lastKnownFileType = folder.assetcatalog; path = Assets.xcassets; sourceTree = "<group>"; };
		656C14BB2C2D33EC0017F279 /* FeaturedView.swift */ = {isa = PBXFileReference; lastKnownFileType = sourcecode.swift; path = FeaturedView.swift; sourceTree = "<group>"; };
		656C14BD2C2D35320017F279 /* BrowseView.swift */ = {isa = PBXFileReference; lastKnownFileType = sourcecode.swift; path = BrowseView.swift; sourceTree = "<group>"; };
		656C14BF2C2D36A40017F279 /* InstalledView.swift */ = {isa = PBXFileReference; indentWidth = 4; lastKnownFileType = sourcecode.swift; path = InstalledView.swift; sourceTree = "<group>"; };
		656C14C62C2D3DED0017F279 /* RepoHandler.swift */ = {isa = PBXFileReference; lastKnownFileType = sourcecode.swift; path = RepoHandler.swift; sourceTree = "<group>"; };
		656C14D22C2D47AC0017F279 /* StringExtensions.swift */ = {isa = PBXFileReference; lastKnownFileType = sourcecode.swift; path = StringExtensions.swift; sourceTree = "<group>"; };
		656C14D52C2DC1200017F279 /* Repo.swift */ = {isa = PBXFileReference; lastKnownFileType = sourcecode.swift; path = Repo.swift; sourceTree = "<group>"; };
		656C14D92C2DC1660017F279 /* Package.swift */ = {isa = PBXFileReference; lastKnownFileType = sourcecode.swift; path = Package.swift; sourceTree = "<group>"; };
		656C14E12C2DC3D00017F279 /* JASON+Alamofire.swift */ = {isa = PBXFileReference; lastKnownFileType = sourcecode.swift; name = "JASON+Alamofire.swift"; path = "../../../../Library/Developer/Xcode/DerivedData/purekfd-hhrllhgrabhhlrfwhgonmefuvmss/SourcePackages/checkouts/JASON/Extensions/JASON+Alamofire.swift"; sourceTree = "<group>"; };
		656C14E52C2DC4250017F279 /* JASON+Alamofire.swift */ = {isa = PBXFileReference; lastKnownFileType = sourcecode.swift; path = "JASON+Alamofire.swift"; sourceTree = "<group>"; };
		6576F8AD2C33CA5E00678715 /* TweakApply.swift */ = {isa = PBXFileReference; lastKnownFileType = sourcecode.swift; path = TweakApply.swift; sourceTree = "<group>"; };
		6576F8AF2C33CA9D00678715 /* Debug.swift */ = {isa = PBXFileReference; lastKnownFileType = sourcecode.swift; path = Debug.swift; sourceTree = "<group>"; };
		6576F8B12C33CAE200678715 /* DataExtensions.swift */ = {isa = PBXFileReference; lastKnownFileType = sourcecode.swift; path = DataExtensions.swift; sourceTree = "<group>"; };
		657F80222C9D23EA00EA91F8 /* grant_full_disk_access.h */ = {isa = PBXFileReference; lastKnownFileType = sourcecode.c.h; path = grant_full_disk_access.h; sourceTree = "<group>"; };
		657F80232C9D23EA00EA91F8 /* grant_full_disk_access.m */ = {isa = PBXFileReference; lastKnownFileType = sourcecode.c.objc; path = grant_full_disk_access.m; sourceTree = "<group>"; };
		657F80242C9D23EA00EA91F8 /* helpers.h */ = {isa = PBXFileReference; lastKnownFileType = sourcecode.c.h; path = helpers.h; sourceTree = "<group>"; };
		657F80252C9D23EA00EA91F8 /* helpers.m */ = {isa = PBXFileReference; lastKnownFileType = sourcecode.c.objc; path = helpers.m; sourceTree = "<group>"; };
		657F80262C9D23EA00EA91F8 /* jit.h */ = {isa = PBXFileReference; lastKnownFileType = sourcecode.c.h; path = jit.h; sourceTree = "<group>"; };
		657F80272C9D23EA00EA91F8 /* jit.m */ = {isa = PBXFileReference; lastKnownFileType = sourcecode.c.objc; path = jit.m; sourceTree = "<group>"; };
		657F80282C9D23EA00EA91F8 /* vm_unaligned_copy_switch_race.h */ = {isa = PBXFileReference; lastKnownFileType = sourcecode.c.h; path = vm_unaligned_copy_switch_race.h; sourceTree = "<group>"; };
		657F80292C9D23EA00EA91F8 /* vm_unaligned_copy_switch_race.c */ = {isa = PBXFileReference; lastKnownFileType = sourcecode.c.c; path = vm_unaligned_copy_switch_race.c; sourceTree = "<group>"; };
		657F802B2C9D23EA00EA91F8 /* MacDirtyCowSwift.swift */ = {isa = PBXFileReference; lastKnownFileType = sourcecode.swift; path = MacDirtyCowSwift.swift; sourceTree = "<group>"; };
		657F802C2C9D23EA00EA91F8 /* Wrappers.swift */ = {isa = PBXFileReference; lastKnownFileType = sourcecode.swift; path = Wrappers.swift; sourceTree = "<group>"; };
		658EBA042C3662DF00826E0B /* ExploitHandler.swift */ = {isa = PBXFileReference; lastKnownFileType = sourcecode.swift; path = ExploitHandler.swift; sourceTree = "<group>"; };
		65916F0A2C952FBC005C8462 /* MobileDevice.swift */ = {isa = PBXFileReference; lastKnownFileType = sourcecode.swift; path = MobileDevice.swift; sourceTree = "<group>"; };
		65916F0D2C952FC4005C8462 /* Backup.swift */ = {isa = PBXFileReference; lastKnownFileType = sourcecode.swift; path = Backup.swift; sourceTree = "<group>"; };
		65916F0E2C952FC4005C8462 /* MBDB.swift */ = {isa = PBXFileReference; lastKnownFileType = sourcecode.swift; path = MBDB.swift; sourceTree = "<group>"; };
		65916F0F2C952FC4005C8462 /* README.txt */ = {isa = PBXFileReference; lastKnownFileType = text; path = README.txt; sourceTree = "<group>"; };
		65916F152C95301B005C8462 /* Bridge.h */ = {isa = PBXFileReference; lastKnownFileType = sourcecode.c.h; path = Bridge.h; sourceTree = "<group>"; };
		65916F162C9530EB005C8462 /* Base64.swift */ = {isa = PBXFileReference; lastKnownFileType = sourcecode.swift; path = Base64.swift; sourceTree = "<group>"; };
		65916F182C9530EB005C8462 /* ByteBuffer-aux.swift */ = {isa = PBXFileReference; lastKnownFileType = sourcecode.swift; path = "ByteBuffer-aux.swift"; sourceTree = "<group>"; };
		65916F192C9530EB005C8462 /* ByteBuffer-conversions.swift */ = {isa = PBXFileReference; lastKnownFileType = sourcecode.swift; path = "ByteBuffer-conversions.swift"; sourceTree = "<group>"; };
		65916F1A2C9530EB005C8462 /* ByteBuffer-core.swift */ = {isa = PBXFileReference; lastKnownFileType = sourcecode.swift; path = "ByteBuffer-core.swift"; sourceTree = "<group>"; };
		65916F1B2C9530EB005C8462 /* ByteBuffer-hexdump.swift */ = {isa = PBXFileReference; lastKnownFileType = sourcecode.swift; path = "ByteBuffer-hexdump.swift"; sourceTree = "<group>"; };
		65916F1C2C9530EB005C8462 /* ByteBuffer-int.swift */ = {isa = PBXFileReference; lastKnownFileType = sourcecode.swift; path = "ByteBuffer-int.swift"; sourceTree = "<group>"; };
		65916F1D2C9530EB005C8462 /* ByteBuffer-lengthPrefix.swift */ = {isa = PBXFileReference; lastKnownFileType = sourcecode.swift; path = "ByteBuffer-lengthPrefix.swift"; sourceTree = "<group>"; };
		65916F1E2C9530EB005C8462 /* ByteBuffer-multi-int.swift */ = {isa = PBXFileReference; lastKnownFileType = sourcecode.swift; path = "ByteBuffer-multi-int.swift"; sourceTree = "<group>"; };
		65916F1F2C9530EB005C8462 /* ByteBuffer-views.swift */ = {isa = PBXFileReference; lastKnownFileType = sourcecode.swift; path = "ByteBuffer-views.swift"; sourceTree = "<group>"; };
		65916F202C9530EB005C8462 /* CircularBuffer.swift */ = {isa = PBXFileReference; lastKnownFileType = sourcecode.swift; path = CircularBuffer.swift; sourceTree = "<group>"; };
		65916F212C9530EB005C8462 /* IntegerBitPacking.swift */ = {isa = PBXFileReference; lastKnownFileType = sourcecode.swift; path = IntegerBitPacking.swift; sourceTree = "<group>"; };
		65916F222C9530EB005C8462 /* IntegerTypes.swift */ = {isa = PBXFileReference; lastKnownFileType = sourcecode.swift; path = IntegerTypes.swift; sourceTree = "<group>"; };
		65916F242C9530EB005C8462 /* ByteBuffer-foundation.swift */ = {isa = PBXFileReference; lastKnownFileType = sourcecode.swift; path = "ByteBuffer-foundation.swift"; sourceTree = "<group>"; };
		65916F262C9530EB005C8462 /* PointerHelpers.swift */ = {isa = PBXFileReference; lastKnownFileType = sourcecode.swift; path = PointerHelpers.swift; sourceTree = "<group>"; };
		65916F282C9530EB005C8462 /* README.txt */ = {isa = PBXFileReference; lastKnownFileType = text; path = README.txt; sourceTree = "<group>"; };
		65916F422C9542E8005C8462 /* libEMProxy.dylib */ = {isa = PBXFileReference; lastKnownFileType = "compiled.mach-o.dylib"; name = libEMProxy.dylib; path = ../Libraries/libEMProxy.dylib; sourceTree = BUILT_PRODUCTS_DIR; };
		65916F442C9542F0005C8462 /* libimobiledevice.dylib */ = {isa = PBXFileReference; lastKnownFileType = "compiled.mach-o.dylib"; name = libimobiledevice.dylib; path = ../Libraries/libimobiledevice.dylib; sourceTree = BUILT_PRODUCTS_DIR; };
		65916F4D2C95595A005C8462 /* em_proxy.swift */ = {isa = PBXFileReference; lastKnownFileType = sourcecode.swift; name = em_proxy.swift; path = SparseBox/include/em_proxy.swift; sourceTree = "<group>"; };
		65916F4F2C955960005C8462 /* minimuxer.swift */ = {isa = PBXFileReference; lastKnownFileType = sourcecode.swift; name = minimuxer.swift; path = SparseBox/include/minimuxer.swift; sourceTree = "<group>"; };
		65916F512C955967005C8462 /* minimuxer-helpers.swift */ = {isa = PBXFileReference; lastKnownFileType = sourcecode.swift; name = "minimuxer-helpers.swift"; path = "SparseBox/include/minimuxer-helpers.swift"; sourceTree = "<group>"; };
		65916F532C95596E005C8462 /* SwiftBridgeCore.swift */ = {isa = PBXFileReference; lastKnownFileType = sourcecode.swift; name = SwiftBridgeCore.swift; path = SparseBox/include/SwiftBridgeCore.swift; sourceTree = "<group>"; };
		6595F33F2C9BDC7600F00BD6 /* DirectWrite.swift */ = {isa = PBXFileReference; lastKnownFileType = sourcecode.swift; path = DirectWrite.swift; sourceTree = "<group>"; };
		65ABD2D12C93D77C00DD01E8 /* TweakPath.swift */ = {isa = PBXFileReference; lastKnownFileType = sourcecode.swift; path = TweakPath.swift; sourceTree = "<group>"; };
		65B18D4D2C418B4A002C6276 /* KFD.swift */ = {isa = PBXFileReference; lastKnownFileType = sourcecode.swift; path = KFD.swift; sourceTree = "<group>"; };
		65C073832C2E571B0038E045 /* ImageHandling.swift */ = {isa = PBXFileReference; lastKnownFileType = sourcecode.swift; path = ImageHandling.swift; sourceTree = "<group>"; };
		65C073852C2E58B00038E045 /* ColorExtensions.swift */ = {isa = PBXFileReference; lastKnownFileType = sourcecode.swift; path = ColorExtensions.swift; sourceTree = "<group>"; };
		65C073A12C2E6CFB0038E045 /* Info.plist */ = {isa = PBXFileReference; lastKnownFileType = text.plist; path = Info.plist; sourceTree = "<group>"; };
		65D3A1DE2C37136F00C4A071 /* DeviceInfo.swift */ = {isa = PBXFileReference; lastKnownFileType = sourcecode.swift; path = DeviceInfo.swift; sourceTree = "<group>"; };
		65D3A1E02C37662E00C4A071 /* SettingsView.swift */ = {isa = PBXFileReference; lastKnownFileType = sourcecode.swift; path = SettingsView.swift; sourceTree = "<group>"; };
		65DA9E132C30FA99007D9AAA /* QueuedView.swift */ = {isa = PBXFileReference; lastKnownFileType = sourcecode.swift; path = QueuedView.swift; sourceTree = "<group>"; };
		65DA9E152C3100DC007D9AAA /* Popup.swift */ = {isa = PBXFileReference; lastKnownFileType = sourcecode.swift; path = Popup.swift; sourceTree = "<group>"; };
/* End PBXFileReference section */

/* Begin PBXFileSystemSynchronizedRootGroup section */
		65486BAB2C8571A9002E2F28 /* PureKFD macOS */ = {isa = PBXFileSystemSynchronizedRootGroup; explicitFileTypes = {}; explicitFolders = (); path = "PureKFD macOS"; sourceTree = "<group>"; };
/* End PBXFileSystemSynchronizedRootGroup section */

/* Begin PBXFrameworksBuildPhase section */
		65486BA72C8571A9002E2F28 /* Frameworks */ = {
			isa = PBXFrameworksBuildPhase;
			buildActionMask = 2147483647;
			files = (
				65486BD52C857F27002E2F28 /* Nuke in Frameworks */,
				65486BD12C857F0D002E2F28 /* JASON in Frameworks */,
				65486BDB2C857F36002E2F28 /* Down in Frameworks */,
				65486BD32C857F1D002E2F28 /* Alamofire in Frameworks */,
				65486BD72C857F27002E2F28 /* NukeUI in Frameworks */,
				65486BD92C857F2F002E2F28 /* Zip in Frameworks */,
			);
			runOnlyForDeploymentPostprocessing = 0;
		};
		656C14A62C2D32D60017F279 /* Frameworks */ = {
			isa = PBXFrameworksBuildPhase;
			buildActionMask = 2147483647;
			files = (
				65916F452C9542F0005C8462 /* libimobiledevice.dylib in Frameworks */,
				65916F432C9542E8005C8462 /* libEMProxy.dylib in Frameworks */,
				65DA9E192C314241007D9AAA /* Zip in Frameworks */,
				65C0737E2C2DD1B10038E045 /* Nuke in Frameworks */,
				656C14CA2C2D3FF00017F279 /* JASON in Frameworks */,
				65B18D4C2C418B38002C6276 /* SwiftKFD in Frameworks */,
				65069B752C2FD53400A309C2 /* Down in Frameworks */,
				656C14DF2C2DC3A90017F279 /* Alamofire in Frameworks */,
				65C073802C2DD1B10038E045 /* NukeUI in Frameworks */,
			);
			runOnlyForDeploymentPostprocessing = 0;
		};
/* End PBXFrameworksBuildPhase section */

/* Begin PBXGroup section */
		65069B632C2E727200A309C2 /* SubViews */ = {
			isa = PBXGroup;
			children = (
				65619DA92C920BDA00BEE096 /* Prefs */,
				65D3A1E02C37662E00C4A071 /* SettingsView.swift */,
				65069B712C2FD51E00A309C2 /* TweakDepitionView.swift */,
				65069B6D2C2F69D300A309C2 /* TweakView.swift */,
				65069B642C2E727E00A309C2 /* RepoView.swift */,
			);
			path = SubViews;
			sourceTree = "<group>";
		};
		65619DA92C920BDA00BEE096 /* Prefs */ = {
			isa = PBXGroup;
			children = (
				65619DB02C920C2A00BEE096 /* PrefCreator.swift */,
				65619DAE2C920C1600BEE096 /* purePrefs.swift */,
				65619DAC2C920C0500BEE096 /* prefTranslate.swift */,
			);
			path = Prefs;
			sourceTree = "<group>";
		};
		656C14A02C2D32D60017F279 = {
			isa = PBXGroup;
			children = (
				65916EA42C9526F6005C8462 /* Shared */,
				656C14AB2C2D32D60017F279 /* purekfd */,
				65486BAB2C8571A9002E2F28 /* PureKFD macOS */,
				656C14AA2C2D32D60017F279 /* Products */,
				656C14E02C2DC3D00017F279 /* Frameworks */,
			);
			sourceTree = "<group>";
		};
		656C14AA2C2D32D60017F279 /* Products */ = {
			isa = PBXGroup;
			children = (
				656C14A92C2D32D60017F279 /* purekfd.app */,
				65486BAA2C8571A9002E2F28 /* PureRestore.app */,
			);
			name = Products;
			sourceTree = "<group>";
		};
		656C14AB2C2D32D60017F279 /* purekfd */ = {
			isa = PBXGroup;
			children = (
				65C073A12C2E6CFB0038E045 /* Info.plist */,
				656C14C52C2D3C4B0017F279 /* Backend */,
				656C14BA2C2D33C80017F279 /* Views */,
				656C14AE2C2D32D60017F279 /* Main.swift */,
				656C14B02C2D32D80017F279 /* Assets.xcassets */,
			);
			path = purekfd;
			sourceTree = "<group>";
		};
		656C14BA2C2D33C80017F279 /* Views */ = {
			isa = PBXGroup;
			children = (
				65069B632C2E727200A309C2 /* SubViews */,
				656C14BF2C2D36A40017F279 /* InstalledView.swift */,
				656C14BD2C2D35320017F279 /* BrowseView.swift */,
				656C14BB2C2D33EC0017F279 /* FeaturedView.swift */,
				65DA9E132C30FA99007D9AAA /* QueuedView.swift */,
			);
			path = Views;
			sourceTree = "<group>";
		};
		656C14C52C2D3C4B0017F279 /* Backend */ = {
			isa = PBXGroup;
			children = (
				65DA9E1A2C330BEE007D9AAA /* Exploit */,
				65DA9E152C3100DC007D9AAA /* Popup.swift */,
				65069B6F2C2FCAB400A309C2 /* Compat.swift */,
				656C14D42C2DC11B0017F279 /* Structs */,
				656C14D12C2D46920017F279 /* Extensions */,
				656C14C62C2D3DED0017F279 /* RepoHandler.swift */,
				65C073832C2E571B0038E045 /* ImageHandling.swift */,
				6576F8AF2C33CA9D00678715 /* Debug.swift */,
				65D3A1DE2C37136F00C4A071 /* DeviceInfo.swift */,
				6576F8AD2C33CA5E00678715 /* TweakApply.swift */,
				65ABD2D12C93D77C00DD01E8 /* TweakPath.swift */,
				650607AA2C94772C00E1848C /* TweakTranslate.swift */,
				658EBA042C3662DF00826E0B /* ExploitHandler.swift */,
			);
			path = Backend;
			sourceTree = "<group>";
		};
		656C14D12C2D46920017F279 /* Extensions */ = {
			isa = PBXGroup;
			children = (
				6576F8B12C33CAE200678715 /* DataExtensions.swift */,
				65C073852C2E58B00038E045 /* ColorExtensions.swift */,
				656C14E52C2DC4250017F279 /* JASON+Alamofire.swift */,
				656C14D22C2D47AC0017F279 /* StringExtensions.swift */,
			);
			path = Extensions;
			sourceTree = "<group>";
		};
		656C14D42C2DC11B0017F279 /* Structs */ = {
			isa = PBXGroup;
			children = (
				65069B6B2C2F3BF200A309C2 /* AppData.swift */,
				656C14D92C2DC1660017F279 /* Package.swift */,
				656C14D52C2DC1200017F279 /* Repo.swift */,
			);
			path = Structs;
			sourceTree = "<group>";
		};
		656C14E02C2DC3D00017F279 /* Frameworks */ = {
			isa = PBXGroup;
			children = (
				65916F442C9542F0005C8462 /* libimobiledevice.dylib */,
				65916F422C9542E8005C8462 /* libEMProxy.dylib */,
				656C14E12C2DC3D00017F279 /* JASON+Alamofire.swift */,
			);
			name = Frameworks;
			sourceTree = "<group>";
		};
		657F802A2C9D23EA00EA91F8 /* MDC */ = {
			isa = PBXGroup;
			children = (
				657F80222C9D23EA00EA91F8 /* grant_full_disk_access.h */,
				657F80232C9D23EA00EA91F8 /* grant_full_disk_access.m */,
				657F80242C9D23EA00EA91F8 /* helpers.h */,
				657F80252C9D23EA00EA91F8 /* helpers.m */,
				657F80262C9D23EA00EA91F8 /* jit.h */,
				657F80272C9D23EA00EA91F8 /* jit.m */,
				657F80282C9D23EA00EA91F8 /* vm_unaligned_copy_switch_race.h */,
				657F80292C9D23EA00EA91F8 /* vm_unaligned_copy_switch_race.c */,
			);
			path = MDC;
			sourceTree = "<group>";
		};
		657F802D2C9D23EA00EA91F8 /* MDC+ */ = {
			isa = PBXGroup;
			children = (
				657F802B2C9D23EA00EA91F8 /* MacDirtyCowSwift.swift */,
				657F802C2C9D23EA00EA91F8 /* Wrappers.swift */,
			);
			path = "MDC+";
			sourceTree = "<group>";
		};
		65916EA42C9526F6005C8462 /* Shared */ = {
			isa = PBXGroup;
			children = (
				657F802A2C9D23EA00EA91F8 /* MDC */,
				657F802D2C9D23EA00EA91F8 /* MDC+ */,
				65916ED52C952F3C005C8462 /* SparseRestore */,
				65916F152C95301B005C8462 /* Bridge.h */,
			);
			path = Shared;
			sourceTree = "<group>";
		};
		65916ED52C952F3C005C8462 /* SparseRestore */ = {
			isa = PBXGroup;
			children = (
				65916F492C955925005C8462 /* Import */,
				65916F292C9530EB005C8462 /* SwiftNIO */,
				65916F102C952FC4005C8462 /* SparseRestore */,
				65916F0B2C952FBC005C8462 /* MobileDevice */,
			);
			name = SparseRestore;
			sourceTree = "<group>";
		};
		65916F0B2C952FBC005C8462 /* MobileDevice */ = {
			isa = PBXGroup;
			children = (
				65916F0A2C952FBC005C8462 /* MobileDevice.swift */,
			);
			name = MobileDevice;
			path = SparseBox/Sources/MobileDevice;
			sourceTree = "<group>";
		};
		65916F102C952FC4005C8462 /* SparseRestore */ = {
			isa = PBXGroup;
			children = (
				65916F0D2C952FC4005C8462 /* Backup.swift */,
				65916F0E2C952FC4005C8462 /* MBDB.swift */,
				65916F0F2C952FC4005C8462 /* README.txt */,
			);
			name = SparseRestore;
			path = SparseBox/Sources/SparseRestore;
			sourceTree = "<group>";
		};
		65916F172C9530EB005C8462 /* _NIOBase64 */ = {
			isa = PBXGroup;
			children = (
				65916F162C9530EB005C8462 /* Base64.swift */,
			);
			path = _NIOBase64;
			sourceTree = "<group>";
		};
		65916F232C9530EB005C8462 /* NIOCore */ = {
			isa = PBXGroup;
			children = (
				65916F182C9530EB005C8462 /* ByteBuffer-aux.swift */,
				65916F192C9530EB005C8462 /* ByteBuffer-conversions.swift */,
				65916F1A2C9530EB005C8462 /* ByteBuffer-core.swift */,
				65916F1B2C9530EB005C8462 /* ByteBuffer-hexdump.swift */,
				65916F1C2C9530EB005C8462 /* ByteBuffer-int.swift */,
				65916F1D2C9530EB005C8462 /* ByteBuffer-lengthPrefix.swift */,
				65916F1E2C9530EB005C8462 /* ByteBuffer-multi-int.swift */,
				65916F1F2C9530EB005C8462 /* ByteBuffer-views.swift */,
				65916F202C9530EB005C8462 /* CircularBuffer.swift */,
				65916F212C9530EB005C8462 /* IntegerBitPacking.swift */,
				65916F222C9530EB005C8462 /* IntegerTypes.swift */,
			);
			path = NIOCore;
			sourceTree = "<group>";
		};
		65916F252C9530EB005C8462 /* NIOFoundationCompat */ = {
			isa = PBXGroup;
			children = (
				65916F242C9530EB005C8462 /* ByteBuffer-foundation.swift */,
			);
			path = NIOFoundationCompat;
			sourceTree = "<group>";
		};
		65916F272C9530EB005C8462 /* NIOPosix */ = {
			isa = PBXGroup;
			children = (
				65916F262C9530EB005C8462 /* PointerHelpers.swift */,
			);
			path = NIOPosix;
			sourceTree = "<group>";
		};
		65916F292C9530EB005C8462 /* SwiftNIO */ = {
			isa = PBXGroup;
			children = (
				65916F172C9530EB005C8462 /* _NIOBase64 */,
				65916F232C9530EB005C8462 /* NIOCore */,
				65916F252C9530EB005C8462 /* NIOFoundationCompat */,
				65916F272C9530EB005C8462 /* NIOPosix */,
				65916F282C9530EB005C8462 /* README.txt */,
			);
			name = SwiftNIO;
			path = SparseBox/Sources/SwiftNIO;
			sourceTree = "<group>";
		};
		65916F492C955925005C8462 /* Import */ = {
			isa = PBXGroup;
			children = (
				65916F532C95596E005C8462 /* SwiftBridgeCore.swift */,
				65916F512C955967005C8462 /* minimuxer-helpers.swift */,
				65916F4F2C955960005C8462 /* minimuxer.swift */,
				65916F4D2C95595A005C8462 /* em_proxy.swift */,
			);
			name = Import;
			sourceTree = "<group>";
		};
		65DA9E1A2C330BEE007D9AAA /* Exploit */ = {
			isa = PBXGroup;
			children = (
				6595F33F2C9BDC7600F00BD6 /* DirectWrite.swift */,
				650607A82C9474BC00E1848C /* VirtualEnviorment.swift */,
				650607A62C9474B900E1848C /* MDC.swift */,
				650607A42C9474AF00E1848C /* SparseRestore.swift */,
				65B18D4D2C418B4A002C6276 /* KFD.swift */,
			);
			path = Exploit;
			sourceTree = "<group>";
		};
/* End PBXGroup section */

/* Begin PBXLegacyTarget section */
		65916F392C9532C3005C8462 /* SparseBox */ = {
			isa = PBXLegacyTarget;
			buildArgumentsString = "$(ACTION) build_sparsebox.sh";
			buildConfigurationList = 65916F3A2C9532C3005C8462 /* Build configuration list for PBXLegacyTarget "SparseBox" */;
			buildPhases = (
			);
			buildToolPath = /bin/sh;
			buildWorkingDirectory = Shared;
			dependencies = (
			);
			name = SparseBox;
			packageProductDependencies = (
			);
			passBuildSettingsInEnvironment = 1;
			productName = libimobiledevice;
		};
/* End PBXLegacyTarget section */

/* Begin PBXNativeTarget section */
		65486BA92C8571A9002E2F28 /* PureRestore */ = {
			isa = PBXNativeTarget;
			buildConfigurationList = 65486BB82C8571AB002E2F28 /* Build configuration list for PBXNativeTarget "PureRestore" */;
			buildPhases = (
				65486BA62C8571A9002E2F28 /* Sources */,
				65486BA72C8571A9002E2F28 /* Frameworks */,
				65486BA82C8571A9002E2F28 /* Resources */,
			);
			buildRules = (
			);
			dependencies = (
			);
			fileSystemSynchronizedGroups = (
				65486BAB2C8571A9002E2F28 /* PureKFD macOS */,
			);
			name = PureRestore;
			packageProductDependencies = (
				65486BD02C857F0D002E2F28 /* JASON */,
				65486BD22C857F1D002E2F28 /* Alamofire */,
				65486BD42C857F27002E2F28 /* Nuke */,
				65486BD62C857F27002E2F28 /* NukeUI */,
				65486BD82C857F2F002E2F28 /* Zip */,
				65486BDA2C857F36002E2F28 /* Down */,
			);
			productName = "purebox macOS";
			productReference = 65486BAA2C8571A9002E2F28 /* PureRestore.app */;
			productType = "com.apple.product-type.application";
		};
		656C14A82C2D32D60017F279 /* purekfd */ = {
			isa = PBXNativeTarget;
			buildConfigurationList = 656C14B72C2D32D80017F279 /* Build configuration list for PBXNativeTarget "purekfd" */;
			buildPhases = (
				656C14A52C2D32D60017F279 /* Sources */,
				656C14A62C2D32D60017F279 /* Frameworks */,
				656C14A72C2D32D60017F279 /* Resources */,
				65916F462C954C00005C8462 /* CopyFiles */,
			);
			buildRules = (
			);
			dependencies = (
				65916F402C9540C9005C8462 /* PBXTargetDependency */,
			);
			name = purekfd;
			packageProductDependencies = (
				656C14C92C2D3FF00017F279 /* JASON */,
				656C14DE2C2DC3A90017F279 /* Alamofire */,
				65C0737D2C2DD1B10038E045 /* Nuke */,
				65C0737F2C2DD1B10038E045 /* NukeUI */,
				65069B742C2FD53400A309C2 /* Down */,
				65DA9E182C314241007D9AAA /* Zip */,
				65B18D4B2C418B38002C6276 /* SwiftKFD */,
			);
			productName = purekfd;
			productReference = 656C14A92C2D32D60017F279 /* purekfd.app */;
			productType = "com.apple.product-type.application";
		};
/* End PBXNativeTarget section */

/* Begin PBXProject section */
		656C14A12C2D32D60017F279 /* Project object */ = {
			isa = PBXProject;
			attributes = {
				BuildIndependentTargetsInParallel = 1;
				LastSwiftUpdateCheck = 1600;
				LastUpgradeCheck = 1600;
				TargetAttributes = {
					65486BA92C8571A9002E2F28 = {
						CreatedOnToolsVersion = 16.0;
					};
					656C14A82C2D32D60017F279 = {
						CreatedOnToolsVersion = 16.0;
					};
					65916F392C9532C3005C8462 = {
						CreatedOnToolsVersion = 16.0;
					};
				};
			};
			buildConfigurationList = 656C14A42C2D32D60017F279 /* Build configuration list for PBXProject "PureKFD" */;
			compatibilityVersion = "Xcode 15.0";
			developmentRegion = en;
			hasScannedForEncodings = 0;
			knownRegions = (
				en,
				Base,
			);
			mainGroup = 656C14A02C2D32D60017F279;
			packageReferences = (
				656C14C82C2D3FF00017F279 /* XCRemoteSwiftPackageReference "JASON" */,
				656C14DD2C2DC3A90017F279 /* XCRemoteSwiftPackageReference "Alamofire" */,
				65C0737C2C2DD1B10038E045 /* XCRemoteSwiftPackageReference "Nuke" */,
				65069B732C2FD53400A309C2 /* XCRemoteSwiftPackageReference "Down" */,
				65DA9E172C314241007D9AAA /* XCRemoteSwiftPackageReference "Zip" */,
				65B18D4A2C418B38002C6276 /* XCRemoteSwiftPackageReference "SwiftKFD" */,
			);
			productRefGroup = 656C14AA2C2D32D60017F279 /* Products */;
			projectDirPath = "";
			projectRoot = "";
			targets = (
				656C14A82C2D32D60017F279 /* purekfd */,
				65486BA92C8571A9002E2F28 /* PureRestore */,
				65916F392C9532C3005C8462 /* SparseBox */,
			);
		};
/* End PBXProject section */

/* Begin PBXResourcesBuildPhase section */
		65486BA82C8571A9002E2F28 /* Resources */ = {
			isa = PBXResourcesBuildPhase;
			buildActionMask = 2147483647;
			files = (
			);
			runOnlyForDeploymentPostprocessing = 0;
		};
		656C14A72C2D32D60017F279 /* Resources */ = {
			isa = PBXResourcesBuildPhase;
			buildActionMask = 2147483647;
			files = (
				656C14B12C2D32D80017F279 /* Assets.xcassets in Resources */,
			);
			runOnlyForDeploymentPostprocessing = 0;
		};
/* End PBXResourcesBuildPhase section */

/* Begin PBXSourcesBuildPhase section */
		65486BA62C8571A9002E2F28 /* Sources */ = {
			isa = PBXSourcesBuildPhase;
			buildActionMask = 2147483647;
			files = (
				65486BBA2C85733D002E2F28 /* Package.swift in Sources */,
				65486BBB2C85733E002E2F28 /* Repo.swift in Sources */,
				65486BBC2C85733F002E2F28 /* DataExtensions.swift in Sources */,
				65486BC32C857355002E2F28 /* Debug.swift in Sources */,
				65486BBE2C857344002E2F28 /* StringExtensions.swift in Sources */,
				65486BBF2C857350002E2F28 /* RepoHandler.swift in Sources */,
				65486BBD2C857343002E2F28 /* JASON+Alamofire.swift in Sources */,
				65486BC42C857357002E2F28 /* TweakApply.swift in Sources */,
				65486BC52C857359002E2F28 /* ExploitHandler.swift in Sources */,
				65ABD2D32C93D77F00DD01E8 /* TweakPath.swift in Sources */,
				650607AC2C94772F00E1848C /* TweakTranslate.swift in Sources */,
				65486BB92C85733A002E2F28 /* AppData.swift in Sources */,
				65486BC72C8574A4002E2F28 /* ColorExtensions.swift in Sources */,
			);
			runOnlyForDeploymentPostprocessing = 0;
		};
		656C14A52C2D32D60017F279 /* Sources */ = {
			isa = PBXSourcesBuildPhase;
			buildActionMask = 2147483647;
			files = (
				65DA9E162C3100E0007D9AAA /* Popup.swift in Sources */,
				656C14D32C2D47B00017F279 /* StringExtensions.swift in Sources */,
				656C14E62C2DC4250017F279 /* JASON+Alamofire.swift in Sources */,
				65069B722C2FD51F00A309C2 /* TweakDepitionView.swift in Sources */,
				65916F112C952FC4005C8462 /* Backup.swift in Sources */,
				65916F122C952FC4005C8462 /* MBDB.swift in Sources */,
				656C14BC2C2D33F20017F279 /* FeaturedView.swift in Sources */,
				6576F8B22C33CAE700678715 /* DataExtensions.swift in Sources */,
				65ABD2D22C93D77F00DD01E8 /* TweakPath.swift in Sources */,
				65916F522C955967005C8462 /* minimuxer-helpers.swift in Sources */,
				65B18D4E2C418B4E002C6276 /* KFD.swift in Sources */,
				656C14D62C2DC1230017F279 /* Repo.swift in Sources */,
				65069B652C2E728000A309C2 /* RepoView.swift in Sources */,
				656C14C72C2D3DF00017F279 /* RepoHandler.swift in Sources */,
				656C14DA2C2DC1680017F279 /* Package.swift in Sources */,
				65916F2A2C9530EB005C8462 /* ByteBuffer-int.swift in Sources */,
				6595F3402C9BDC7800F00BD6 /* DirectWrite.swift in Sources */,
				65916F2B2C9530EB005C8462 /* ByteBuffer-conversions.swift in Sources */,
				65916F2C2C9530EB005C8462 /* ByteBuffer-foundation.swift in Sources */,
				65916F2D2C9530EB005C8462 /* IntegerTypes.swift in Sources */,
				65916F2E2C9530EB005C8462 /* ByteBuffer-lengthPrefix.swift in Sources */,
				65916F2F2C9530EB005C8462 /* IntegerBitPacking.swift in Sources */,
				65916F302C9530EB005C8462 /* ByteBuffer-multi-int.swift in Sources */,
				65916F312C9530EB005C8462 /* Base64.swift in Sources */,
				65916F322C9530EB005C8462 /* CircularBuffer.swift in Sources */,
				65916F332C9530EB005C8462 /* ByteBuffer-hexdump.swift in Sources */,
				65916F342C9530EB005C8462 /* ByteBuffer-core.swift in Sources */,
				65916F352C9530EB005C8462 /* PointerHelpers.swift in Sources */,
				65916F4E2C95595A005C8462 /* em_proxy.swift in Sources */,
				65916F362C9530EB005C8462 /* ByteBuffer-views.swift in Sources */,
				65916F372C9530EB005C8462 /* ByteBuffer-aux.swift in Sources */,
				65C073842C2E57200038E045 /* ImageHandling.swift in Sources */,
				658EBA052C3662E100826E0B /* ExploitHandler.swift in Sources */,
				65DA9E142C30FA9C007D9AAA /* QueuedView.swift in Sources */,
				65916F542C95596E005C8462 /* SwiftBridgeCore.swift in Sources */,
				6576F8B02C33CA9E00678715 /* Debug.swift in Sources */,
				65619DAD2C920C0500BEE096 /* prefTranslate.swift in Sources */,
				65619DB12C920C2A00BEE096 /* PrefCreator.swift in Sources */,
				65069B702C2FCAB500A309C2 /* Compat.swift in Sources */,
				65916F502C955960005C8462 /* minimuxer.swift in Sources */,
				656C14C02C2D36AC0017F279 /* InstalledView.swift in Sources */,
				65069B6C2C2F3BF400A309C2 /* AppData.swift in Sources */,
				650607AB2C94772F00E1848C /* TweakTranslate.swift in Sources */,
				6576F8AE2C33CA6200678715 /* TweakApply.swift in Sources */,
				656C14BE2C2D35350017F279 /* BrowseView.swift in Sources */,
				650607A92C9474BF00E1848C /* VirtualEnviorment.swift in Sources */,
				650607A72C9474B900E1848C /* MDC.swift in Sources */,
				656C14AF2C2D32D60017F279 /* Main.swift in Sources */,
				65069B6E2C2F69D500A309C2 /* TweakView.swift in Sources */,
				657F802E2C9D23EA00EA91F8 /* MacDirtyCowSwift.swift in Sources */,
				657F802F2C9D23EA00EA91F8 /* Wrappers.swift in Sources */,
				657F80302C9D23EA00EA91F8 /* grant_full_disk_access.m in Sources */,
				657F80312C9D23EA00EA91F8 /* jit.m in Sources */,
				657F80322C9D23EA00EA91F8 /* vm_unaligned_copy_switch_race.c in Sources */,
				657F80332C9D23EA00EA91F8 /* helpers.m in Sources */,
				65C073862C2E58B30038E045 /* ColorExtensions.swift in Sources */,
				65916F0C2C952FBC005C8462 /* MobileDevice.swift in Sources */,
				65619DAF2C920C1600BEE096 /* purePrefs.swift in Sources */,
				65D3A1DF2C37137200C4A071 /* DeviceInfo.swift in Sources */,
				650607A52C9474B200E1848C /* SparseRestore.swift in Sources */,
				65D3A1E12C37663100C4A071 /* SettingsView.swift in Sources */,
			);
			runOnlyForDeploymentPostprocessing = 0;
		};
/* End PBXSourcesBuildPhase section */

/* Begin PBXTargetDependency section */
		65916F402C9540C9005C8462 /* PBXTargetDependency */ = {
			isa = PBXTargetDependency;
			target = 65916F392C9532C3005C8462 /* SparseBox */;
			targetProxy = 65916F3F2C9540C9005C8462 /* PBXContainerItemProxy */;
		};
/* End PBXTargetDependency section */

/* Begin XCBuildConfiguration section */
		65486BB62C8571AB002E2F28 /* Debug */ = {
			isa = XCBuildConfiguration;
			buildSettings = {
				ASSETCATALOG_COMPILER_APPICON_NAME = AppIcon;
				ASSETCATALOG_COMPILER_GLOBAL_ACCENT_COLOR_NAME = AccentColor;
				CODE_SIGN_ENTITLEMENTS = "purebox macOS/purebox_macOS.entitlements";
				CODE_SIGN_STYLE = Automatic;
				COMBINE_HIDPI_IMAGES = YES;
				CURRENT_PROJECT_VERSION = 1;
				DEVELOPMENT_ASSET_PATHS = "\"purebox macOS/Preview Content\"";
				DEVELOPMENT_TEAM = 6Q625HQD73;
				ENABLE_HARDENED_RUNTIME = YES;
				ENABLE_PREVIEWS = YES;
				GENERATE_INFOPLIST_FILE = YES;
				INFOPLIST_KEY_CFBundleDisplayName = PureRestore;
				INFOPLIST_KEY_NSHumanReadableCopyright = "";
				LD_RUNPATH_SEARCH_PATHS = (
					"$(inherited)",
					"@executable_path/../Frameworks",
				);
				MACOSX_DEPLOYMENT_TARGET = 13.0;
				MARKETING_VERSION = 1.0;
				PRODUCT_BUNDLE_IDENTIFIER = uwu.lrdsnow.purerestore;
				PRODUCT_NAME = "$(TARGET_NAME)";
				SDKROOT = macosx;
				SWIFT_EMIT_LOC_STRINGS = YES;
				SWIFT_VERSION = 5.0;
			};
			name = Debug;
		};
		65486BB72C8571AB002E2F28 /* Release */ = {
			isa = XCBuildConfiguration;
			buildSettings = {
				ASSETCATALOG_COMPILER_APPICON_NAME = AppIcon;
				ASSETCATALOG_COMPILER_GLOBAL_ACCENT_COLOR_NAME = AccentColor;
				CODE_SIGN_ENTITLEMENTS = "purebox macOS/purebox_macOS.entitlements";
				CODE_SIGN_STYLE = Automatic;
				COMBINE_HIDPI_IMAGES = YES;
				CURRENT_PROJECT_VERSION = 1;
				DEVELOPMENT_ASSET_PATHS = "\"purebox macOS/Preview Content\"";
				DEVELOPMENT_TEAM = 6Q625HQD73;
				ENABLE_HARDENED_RUNTIME = YES;
				ENABLE_PREVIEWS = YES;
				GENERATE_INFOPLIST_FILE = YES;
				INFOPLIST_KEY_CFBundleDisplayName = PureRestore;
				INFOPLIST_KEY_NSHumanReadableCopyright = "";
				LD_RUNPATH_SEARCH_PATHS = (
					"$(inherited)",
					"@executable_path/../Frameworks",
				);
				MACOSX_DEPLOYMENT_TARGET = 13.0;
				MARKETING_VERSION = 1.0;
				PRODUCT_BUNDLE_IDENTIFIER = uwu.lrdsnow.purerestore;
				PRODUCT_NAME = "$(TARGET_NAME)";
				SDKROOT = macosx;
				SWIFT_EMIT_LOC_STRINGS = YES;
				SWIFT_VERSION = 5.0;
			};
			name = Release;
		};
		656C14B52C2D32D80017F279 /* Debug */ = {
			isa = XCBuildConfiguration;
			buildSettings = {
				ALWAYS_SEARCH_USER_PATHS = NO;
				ASSETCATALOG_COMPILER_GENERATE_SWIFT_ASSET_SYMBOL_EXTENSIONS = YES;
				CLANG_ANALYZER_NONNULL = YES;
				CLANG_ANALYZER_NUMBER_OBJECT_CONVERSION = YES_AGGRESSIVE;
				CLANG_CXX_LANGUAGE_STANDARD = "gnu++20";
				CLANG_ENABLE_MODULES = YES;
				CLANG_ENABLE_OBJC_ARC = YES;
				CLANG_ENABLE_OBJC_WEAK = YES;
				CLANG_WARN_BLOCK_CAPTURE_AUTORELEASING = YES;
				CLANG_WARN_BOOL_CONVERSION = YES;
				CLANG_WARN_COMMA = YES;
				CLANG_WARN_CONSTANT_CONVERSION = YES;
				CLANG_WARN_DEPRECATED_OBJC_IMPLEMENTATIONS = YES;
				CLANG_WARN_DIRECT_OBJC_ISA_USAGE = YES_ERROR;
				CLANG_WARN_DOCUMENTATION_COMMENTS = YES;
				CLANG_WARN_EMPTY_BODY = YES;
				CLANG_WARN_ENUM_CONVERSION = YES;
				CLANG_WARN_INFINITE_RECURSION = YES;
				CLANG_WARN_INT_CONVERSION = YES;
				CLANG_WARN_NON_LITERAL_NULL_CONVERSION = YES;
				CLANG_WARN_OBJC_IMPLICIT_RETAIN_SELF = YES;
				CLANG_WARN_OBJC_LITERAL_CONVERSION = YES;
				CLANG_WARN_OBJC_ROOT_CLASS = YES_ERROR;
				CLANG_WARN_QUOTED_INCLUDE_IN_FRAMEWORK_HEADER = YES;
				CLANG_WARN_RANGE_LOOP_ANALYSIS = YES;
				CLANG_WARN_STRICT_PROTOTYPES = YES;
				CLANG_WARN_SUSPICIOUS_MOVE = YES;
				CLANG_WARN_UNGUARDED_AVAILABILITY = YES_AGGRESSIVE;
				CLANG_WARN_UNREACHABLE_CODE = YES;
				CLANG_WARN__DUPLICATE_METHOD_MATCH = YES;
				COPY_PHASE_STRIP = NO;
				DEBUG_INFORMATION_FORMAT = dwarf;
				ENABLE_STRICT_OBJC_MSGSEND = YES;
				ENABLE_TESTABILITY = YES;
				ENABLE_USER_SCRIPT_SANDBOXING = YES;
				GCC_C_LANGUAGE_STANDARD = gnu17;
				GCC_DYNAMIC_NO_PIC = NO;
				GCC_NO_COMMON_BLOCKS = YES;
				GCC_OPTIMIZATION_LEVEL = 0;
				GCC_PREPROCESSOR_DEFINITIONS = (
					"DEBUG=1",
					"$(inherited)",
				);
				GCC_WARN_64_TO_32_BIT_CONVERSION = YES;
				GCC_WARN_ABOUT_RETURN_TYPE = YES_ERROR;
				GCC_WARN_UNDECLARED_SELECTOR = YES;
				GCC_WARN_UNINITIALIZED_AUTOS = YES_AGGRESSIVE;
				GCC_WARN_UNUSED_FUNCTION = YES;
				GCC_WARN_UNUSED_VARIABLE = YES;
				IPHONEOS_DEPLOYMENT_TARGET = 18.0;
				LOCALIZATION_PREFERS_STRING_CATALOGS = YES;
				MTL_ENABLE_DEBUG_INFO = INCLUDE_SOURCE;
				MTL_FAST_MATH = YES;
				ONLY_ACTIVE_ARCH = YES;
				SDKROOT = iphoneos;
				SWIFT_ACTIVE_COMPILATION_CONDITIONS = "DEBUG $(inherited)";
				SWIFT_OPTIMIZATION_LEVEL = "-Onone";
			};
			name = Debug;
		};
		656C14B62C2D32D80017F279 /* Release */ = {
			isa = XCBuildConfiguration;
			buildSettings = {
				ALWAYS_SEARCH_USER_PATHS = NO;
				ASSETCATALOG_COMPILER_GENERATE_SWIFT_ASSET_SYMBOL_EXTENSIONS = YES;
				CLANG_ANALYZER_NONNULL = YES;
				CLANG_ANALYZER_NUMBER_OBJECT_CONVERSION = YES_AGGRESSIVE;
				CLANG_CXX_LANGUAGE_STANDARD = "gnu++20";
				CLANG_ENABLE_MODULES = YES;
				CLANG_ENABLE_OBJC_ARC = YES;
				CLANG_ENABLE_OBJC_WEAK = YES;
				CLANG_WARN_BLOCK_CAPTURE_AUTORELEASING = YES;
				CLANG_WARN_BOOL_CONVERSION = YES;
				CLANG_WARN_COMMA = YES;
				CLANG_WARN_CONSTANT_CONVERSION = YES;
				CLANG_WARN_DEPRECATED_OBJC_IMPLEMENTATIONS = YES;
				CLANG_WARN_DIRECT_OBJC_ISA_USAGE = YES_ERROR;
				CLANG_WARN_DOCUMENTATION_COMMENTS = YES;
				CLANG_WARN_EMPTY_BODY = YES;
				CLANG_WARN_ENUM_CONVERSION = YES;
				CLANG_WARN_INFINITE_RECURSION = YES;
				CLANG_WARN_INT_CONVERSION = YES;
				CLANG_WARN_NON_LITERAL_NULL_CONVERSION = YES;
				CLANG_WARN_OBJC_IMPLICIT_RETAIN_SELF = YES;
				CLANG_WARN_OBJC_LITERAL_CONVERSION = YES;
				CLANG_WARN_OBJC_ROOT_CLASS = YES_ERROR;
				CLANG_WARN_QUOTED_INCLUDE_IN_FRAMEWORK_HEADER = YES;
				CLANG_WARN_RANGE_LOOP_ANALYSIS = YES;
				CLANG_WARN_STRICT_PROTOTYPES = YES;
				CLANG_WARN_SUSPICIOUS_MOVE = YES;
				CLANG_WARN_UNGUARDED_AVAILABILITY = YES_AGGRESSIVE;
				CLANG_WARN_UNREACHABLE_CODE = YES;
				CLANG_WARN__DUPLICATE_METHOD_MATCH = YES;
				COPY_PHASE_STRIP = NO;
				DEBUG_INFORMATION_FORMAT = "dwarf-with-dsym";
				ENABLE_NS_ASSERTIONS = NO;
				ENABLE_STRICT_OBJC_MSGSEND = YES;
				ENABLE_USER_SCRIPT_SANDBOXING = YES;
				GCC_C_LANGUAGE_STANDARD = gnu17;
				GCC_NO_COMMON_BLOCKS = YES;
				GCC_WARN_64_TO_32_BIT_CONVERSION = YES;
				GCC_WARN_ABOUT_RETURN_TYPE = YES_ERROR;
				GCC_WARN_UNDECLARED_SELECTOR = YES;
				GCC_WARN_UNINITIALIZED_AUTOS = YES_AGGRESSIVE;
				GCC_WARN_UNUSED_FUNCTION = YES;
				GCC_WARN_UNUSED_VARIABLE = YES;
				IPHONEOS_DEPLOYMENT_TARGET = 18.0;
				LOCALIZATION_PREFERS_STRING_CATALOGS = YES;
				MTL_ENABLE_DEBUG_INFO = NO;
				MTL_FAST_MATH = YES;
				SDKROOT = iphoneos;
				SWIFT_COMPILATION_MODE = wholemodule;
				VALIDATE_PRODUCT = YES;
			};
			name = Release;
		};
		656C14B82C2D32D80017F279 /* Debug */ = {
			isa = XCBuildConfiguration;
			buildSettings = {
				ASSETCATALOG_COMPILER_APPICON_NAME = AppIcon;
				ASSETCATALOG_COMPILER_GLOBAL_ACCENT_COLOR_NAME = AccentColor;
				CODE_SIGN_STYLE = Automatic;
				CURRENT_PROJECT_VERSION = 1;
				DEVELOPMENT_ASSET_PATHS = "";
				DEVELOPMENT_TEAM = 6Q625HQD73;
				ENABLE_PREVIEWS = YES;
				GENERATE_INFOPLIST_FILE = YES;
				HEADER_SEARCH_PATHS = Shared/SparseBox/include;
				INFOPLIST_FILE = purekfd/Info.plist;
				INFOPLIST_KEY_CFBundleDisplayName = PureKFD;
				INFOPLIST_KEY_NSAppleMusicUsageDescription = unsandbox;
				INFOPLIST_KEY_NSDocumentsFolderUsageDescription = "PureKFD uses the documents folder to store App Data";
				INFOPLIST_KEY_UIApplicationSceneManifest_Generation = YES;
				INFOPLIST_KEY_UIApplicationSupportsIndirectInputEvents = YES;
				INFOPLIST_KEY_UILaunchScreen_Generation = YES;
				INFOPLIST_KEY_UISupportedInterfaceOrientations_iPad = "UIInterfaceOrientationPortrait UIInterfaceOrientationPortraitUpsideDown UIInterfaceOrientationLandscapeLeft UIInterfaceOrientationLandscapeRight";
				INFOPLIST_KEY_UISupportedInterfaceOrientations_iPhone = "UIInterfaceOrientationPortrait UIInterfaceOrientationLandscapeLeft UIInterfaceOrientationLandscapeRight";
				INFOPLIST_KEY_UISupportsDocumentBrowser = YES;
				IPHONEOS_DEPLOYMENT_TARGET = 15.0;
				LD_RUNPATH_SEARCH_PATHS = (
					"$(inherited)",
					"@executable_path/Frameworks",
				);
				LIBRARY_SEARCH_PATHS = $BUILD_DIR/Libraries;
				MARKETING_VERSION = "6.0 RC";
				PRODUCT_BUNDLE_IDENTIFIER = uwu.lrdsnow.purekfdiOS;
				PRODUCT_NAME = "$(TARGET_NAME)";
				SWIFT_EMIT_LOC_STRINGS = YES;
				SWIFT_OBJC_BRIDGING_HEADER = Shared/Bridge.h;
				SWIFT_VERSION = 5.0;
				TARGETED_DEVICE_FAMILY = "1,2";
			};
			name = Debug;
		};
		656C14B92C2D32D80017F279 /* Release */ = {
			isa = XCBuildConfiguration;
			buildSettings = {
				ASSETCATALOG_COMPILER_APPICON_NAME = AppIcon;
				ASSETCATALOG_COMPILER_GLOBAL_ACCENT_COLOR_NAME = AccentColor;
				CODE_SIGN_STYLE = Automatic;
				CURRENT_PROJECT_VERSION = 1;
				DEVELOPMENT_ASSET_PATHS = "";
				DEVELOPMENT_TEAM = 6Q625HQD73;
				ENABLE_PREVIEWS = YES;
				GENERATE_INFOPLIST_FILE = YES;
				HEADER_SEARCH_PATHS = Shared/SparseBox/include;
				INFOPLIST_FILE = purekfd/Info.plist;
				INFOPLIST_KEY_CFBundleDisplayName = PureKFD;
				INFOPLIST_KEY_NSAppleMusicUsageDescription = unsandbox;
				INFOPLIST_KEY_NSDocumentsFolderUsageDescription = "PureKFD uses the documents folder to store App Data";
				INFOPLIST_KEY_UIApplicationSceneManifest_Generation = YES;
				INFOPLIST_KEY_UIApplicationSupportsIndirectInputEvents = YES;
				INFOPLIST_KEY_UILaunchScreen_Generation = YES;
				INFOPLIST_KEY_UISupportedInterfaceOrientations_iPad = "UIInterfaceOrientationPortrait UIInterfaceOrientationPortraitUpsideDown UIInterfaceOrientationLandscapeLeft UIInterfaceOrientationLandscapeRight";
				INFOPLIST_KEY_UISupportedInterfaceOrientations_iPhone = "UIInterfaceOrientationPortrait UIInterfaceOrientationLandscapeLeft UIInterfaceOrientationLandscapeRight";
				INFOPLIST_KEY_UISupportsDocumentBrowser = YES;
				IPHONEOS_DEPLOYMENT_TARGET = 15.0;
				LD_RUNPATH_SEARCH_PATHS = (
					"$(inherited)",
					"@executable_path/Frameworks",
				);
				LIBRARY_SEARCH_PATHS = $BUILD_DIR/Libraries;
				MARKETING_VERSION = "6.0 RC";
				PRODUCT_BUNDLE_IDENTIFIER = uwu.lrdsnow.purekfdiOS;
				PRODUCT_NAME = "$(TARGET_NAME)";
				SWIFT_EMIT_LOC_STRINGS = YES;
				SWIFT_OBJC_BRIDGING_HEADER = Shared/Bridge.h;
				SWIFT_VERSION = 5.0;
				TARGETED_DEVICE_FAMILY = "1,2";
			};
			name = Release;
		};
		65916F3B2C9532C3005C8462 /* Debug */ = {
			isa = XCBuildConfiguration;
			buildSettings = {
				CODE_SIGN_STYLE = Automatic;
				DEBUGGING_SYMBOLS = YES;
				DEBUG_INFORMATION_FORMAT = dwarf;
				DEVELOPMENT_TEAM = 6Q625HQD73;
				GCC_GENERATE_DEBUGGING_SYMBOLS = YES;
				GCC_OPTIMIZATION_LEVEL = 0;
				OTHER_CFLAGS = "";
				OTHER_LDFLAGS = "";
				PRODUCT_NAME = "$(TARGET_NAME)";
			};
			name = Debug;
		};
		65916F3C2C9532C3005C8462 /* Release */ = {
			isa = XCBuildConfiguration;
			buildSettings = {
				CODE_SIGN_STYLE = Automatic;
				DEBUG_INFORMATION_FORMAT = "dwarf-with-dsym";
				DEVELOPMENT_TEAM = 6Q625HQD73;
				OTHER_CFLAGS = "";
				OTHER_LDFLAGS = "";
				PRODUCT_NAME = "$(TARGET_NAME)";
			};
			name = Release;
		};
/* End XCBuildConfiguration section */

/* Begin XCConfigurationList section */
		65486BB82C8571AB002E2F28 /* Build configuration list for PBXNativeTarget "PureRestore" */ = {
			isa = XCConfigurationList;
			buildConfigurations = (
				65486BB62C8571AB002E2F28 /* Debug */,
				65486BB72C8571AB002E2F28 /* Release */,
			);
			defaultConfigurationIsVisible = 0;
			defaultConfigurationName = Release;
		};
		656C14A42C2D32D60017F279 /* Build configuration list for PBXProject "PureKFD" */ = {
			isa = XCConfigurationList;
			buildConfigurations = (
				656C14B52C2D32D80017F279 /* Debug */,
				656C14B62C2D32D80017F279 /* Release */,
			);
			defaultConfigurationIsVisible = 0;
			defaultConfigurationName = Release;
		};
		656C14B72C2D32D80017F279 /* Build configuration list for PBXNativeTarget "purekfd" */ = {
			isa = XCConfigurationList;
			buildConfigurations = (
				656C14B82C2D32D80017F279 /* Debug */,
				656C14B92C2D32D80017F279 /* Release */,
			);
			defaultConfigurationIsVisible = 0;
			defaultConfigurationName = Release;
		};
		65916F3A2C9532C3005C8462 /* Build configuration list for PBXLegacyTarget "SparseBox" */ = {
			isa = XCConfigurationList;
			buildConfigurations = (
				65916F3B2C9532C3005C8462 /* Debug */,
				65916F3C2C9532C3005C8462 /* Release */,
			);
			defaultConfigurationIsVisible = 0;
			defaultConfigurationName = Release;
		};
/* End XCConfigurationList section */

/* Begin XCRemoteSwiftPackageReference section */
		65069B732C2FD53400A309C2 /* XCRemoteSwiftPackageReference "Down" */ = {
			isa = XCRemoteSwiftPackageReference;
			repositoryURL = "https://github.com/johnxnguyen/Down.git";
			requirement = {
				branch = master;
				kind = branch;
			};
		};
		656C14C82C2D3FF00017F279 /* XCRemoteSwiftPackageReference "JASON" */ = {
			isa = XCRemoteSwiftPackageReference;
			repositoryURL = "https://github.com/delba/JASON.git";
			requirement = {
				branch = master;
				kind = branch;
			};
		};
		656C14DD2C2DC3A90017F279 /* XCRemoteSwiftPackageReference "Alamofire" */ = {
			isa = XCRemoteSwiftPackageReference;
			repositoryURL = "https://github.com/Alamofire/Alamofire.git";
			requirement = {
				kind = upToNextMajorVersion;
				minimumVersion = 5.9.1;
			};
		};
		65B18D4A2C418B38002C6276 /* XCRemoteSwiftPackageReference "SwiftKFD" */ = {
			isa = XCRemoteSwiftPackageReference;
			repositoryURL = "https://github.com/Lrdsnow/SwiftKFD.git";
			requirement = {
				branch = main;
				kind = branch;
			};
		};
		65C0737C2C2DD1B10038E045 /* XCRemoteSwiftPackageReference "Nuke" */ = {
			isa = XCRemoteSwiftPackageReference;
			repositoryURL = "https://github.com/kean/Nuke.git";
			requirement = {
				kind = upToNextMajorVersion;
				minimumVersion = 12.7.3;
			};
		};
		65DA9E172C314241007D9AAA /* XCRemoteSwiftPackageReference "Zip" */ = {
			isa = XCRemoteSwiftPackageReference;
			repositoryURL = "https://github.com/marmelroy/Zip.git";
			requirement = {
				kind = upToNextMajorVersion;
				minimumVersion = 2.1.2;
			};
		};
/* End XCRemoteSwiftPackageReference section */

/* Begin XCSwiftPackageProductDependency section */
		65069B742C2FD53400A309C2 /* Down */ = {
			isa = XCSwiftPackageProductDependency;
			package = 65069B732C2FD53400A309C2 /* XCRemoteSwiftPackageReference "Down" */;
			productName = Down;
		};
		65486BD02C857F0D002E2F28 /* JASON */ = {
			isa = XCSwiftPackageProductDependency;
			package = 656C14C82C2D3FF00017F279 /* XCRemoteSwiftPackageReference "JASON" */;
			productName = JASON;
		};
		65486BD22C857F1D002E2F28 /* Alamofire */ = {
			isa = XCSwiftPackageProductDependency;
			package = 656C14DD2C2DC3A90017F279 /* XCRemoteSwiftPackageReference "Alamofire" */;
			productName = Alamofire;
		};
		65486BD42C857F27002E2F28 /* Nuke */ = {
			isa = XCSwiftPackageProductDependency;
			package = 65C0737C2C2DD1B10038E045 /* XCRemoteSwiftPackageReference "Nuke" */;
			productName = Nuke;
		};
		65486BD62C857F27002E2F28 /* NukeUI */ = {
			isa = XCSwiftPackageProductDependency;
			package = 65C0737C2C2DD1B10038E045 /* XCRemoteSwiftPackageReference "Nuke" */;
			productName = NukeUI;
		};
		65486BD82C857F2F002E2F28 /* Zip */ = {
			isa = XCSwiftPackageProductDependency;
			productName = Zip;
		};
		65486BDA2C857F36002E2F28 /* Down */ = {
			isa = XCSwiftPackageProductDependency;
			package = 65069B732C2FD53400A309C2 /* XCRemoteSwiftPackageReference "Down" */;
			productName = Down;
		};
		656C14C92C2D3FF00017F279 /* JASON */ = {
			isa = XCSwiftPackageProductDependency;
			package = 656C14C82C2D3FF00017F279 /* XCRemoteSwiftPackageReference "JASON" */;
			productName = JASON;
		};
		656C14DE2C2DC3A90017F279 /* Alamofire */ = {
			isa = XCSwiftPackageProductDependency;
			package = 656C14DD2C2DC3A90017F279 /* XCRemoteSwiftPackageReference "Alamofire" */;
			productName = Alamofire;
		};
		65B18D4B2C418B38002C6276 /* SwiftKFD */ = {
			isa = XCSwiftPackageProductDependency;
			package = 65B18D4A2C418B38002C6276 /* XCRemoteSwiftPackageReference "SwiftKFD" */;
			productName = SwiftKFD;
		};
		65C0737D2C2DD1B10038E045 /* Nuke */ = {
			isa = XCSwiftPackageProductDependency;
			package = 65C0737C2C2DD1B10038E045 /* XCRemoteSwiftPackageReference "Nuke" */;
			productName = Nuke;
		};
		65C0737F2C2DD1B10038E045 /* NukeUI */ = {
			isa = XCSwiftPackageProductDependency;
			package = 65C0737C2C2DD1B10038E045 /* XCRemoteSwiftPackageReference "Nuke" */;
			productName = NukeUI;
		};
		65DA9E182C314241007D9AAA /* Zip */ = {
			isa = XCSwiftPackageProductDependency;
			package = 65DA9E172C314241007D9AAA /* XCRemoteSwiftPackageReference "Zip" */;
			productName = Zip;
		};
/* End XCSwiftPackageProductDependency section */
	};
	rootObject = 656C14A12C2D32D60017F279 /* Project object */;
}
